{
  "version": 4,
  "terraform_version": "1.13.4",
  "serial": 11,
  "lineage": "4daeffcc-6352-d29e-a48b-6ea8b2e9fdd0",
  "outputs": {},
  "resources": [
    {
      "mode": "data",
      "type": "aws_secretsmanager_secret",
      "name": "factorial_service",
      "provider": "provider[\"registry.terraform.io/hashicorp/aws\"]",
      "instances": [
        {
          "schema_version": 0,
          "attributes": {
            "arn": "arn:aws:secretsmanager:us-east-1:218435950768:secret:dev/factorial-service-PuUw9d",
            "created_date": "2025-11-06T13:47:39Z",
            "description": "dev/factorial-service env for API, Worker, Calculator",
            "id": "arn:aws:secretsmanager:us-east-1:218435950768:secret:dev/factorial-service-PuUw9d",
            "kms_key_id": "",
            "last_changed_date": "2025-11-09T09:19:13Z",
            "name": "dev/factorial-service",
            "policy": "",
            "tags": {}
          },
          "sensitive_attributes": [],
          "identity_schema_version": 0
        }
      ]
    },
    {
      "mode": "data",
      "type": "aws_secretsmanager_secret_version",
      "name": "factorial_service",
      "provider": "provider[\"registry.terraform.io/hashicorp/aws\"]",
      "instances": [
        {
          "schema_version": 0,
          "attributes": {
            "arn": "arn:aws:secretsmanager:us-east-1:218435950768:secret:dev/factorial-service-PuUw9d",
            "created_date": "2025-11-09T09:19:13Z",
            "id": "arn:aws:secretsmanager:us-east-1:218435950768:secret:dev/factorial-service-PuUw9d|AWSCURRENT",
            "secret_binary": "",
            "secret_id": "arn:aws:secretsmanager:us-east-1:218435950768:secret:dev/factorial-service-PuUw9d",
            "secret_string": "{\"SERVER_PORT\":\":8080\",\"SWAGGER_HOST\":\"https://express-nodejs-demo-alb-1541480660.us-east-1.elb.amazonaws.com\",\"DB_USER\":\"postgres\",\"DB_PASSWORD\":\"QuRToVmfbCE5hHL6bzBu\",\"DB_HOST\":\"order-simple-postgres-db.cqbgggkcy7zq.us-east-1.rds.amazonaws.com\",\"DB_PORT\":\"5432\",\"DB_NAME\":\"postgres\",\"DB_SSLMODE\":\"require\",\"DB_TYPE\":\"postgres\",\"RABBITMQ_USER\":\"anto_dev\",\"RABBITMQ_PASSWORD\":\"eFEg8aMSc.EbF-W\",\"RABBITMQ_HOST\":\"b-08193775-de78-49e3-9f38-e98847124784.mq.us-east-1.on.aws\",\"RABBITMQ_PORT\":\"5671\",\"FACTORIAL_CAL_SERVICES_QUEUE_NAME\":\"factorial-cal-queue\",\"RABBITMQ_CA\":\"-----BEGIN CERTIFICATE-----\\\\nMIIDQTCCAimgAwIBAgITBmyfz5m/jAo54vB4ikPmljZbyjANBgkqhkiG9w0BAQsF\\\\nADA5MQswCQYDVQQGEwJVUzEPMA0GA1UEChMGQW1hem9uMRkwFwYDVQQDExBBbWF6\\\\nb24gUm9vdCBDQSAxMB4XDTE1MDUyNjAwMDAwMFoXDTM4MDExNzAwMDAwMFowOTEL\\\\nMAkGA1UEBhMCVVMxDzANBgNVBAoTBkFtYXpvbjEZMBcGA1UEAxMQQW1hem9uIFJv\\\\nb3QgQ0EgMTCCASIwDQYJKoZIhvcNAQEBBQADggEPADCCAQoCggEBALJ4gHHKeNXj\\\\nca9HgFB0fW7Y14h29Jlo91ghYPl0hAEvrAIthtOgQ3pOsqTQNroBvo3bSMgHFzZM\\\\n9O6II8c+6zf1tRn4SWiw3te5djgdYZ6k/oI2peVKVuRF4fn9tBb6dNqcmzU5L/qw\\\\nIFAGbHrQgLKm+a/sRxmPUDgH3KKHOVj4utWp+UhnMJbulHheb4mjUcAwhmahRWa6\\\\nVOujw5H5SNz/0egwLX0tdHA114gk957EWW67c4cX8jJGKLhD+rcdqsq08p8kDi1L\\\\n93FcXmn/6pUCyziKrlA4b9v7LWIbxcceVOF34GfID5yHI9Y/QCB/IIDEgEw+OyQm\\\\njgSubJrIqg0CAwEAAaNCMEAwDwYDVR0TAQH/BAUwAwEB/zAOBgNVHQ8BAf8EBAMC\\\\nAYYwHQYDVR0OBBYEFIQYzIU07LwMlJQuCFmcx7IQTgoIMA0GCSqGSIb3DQEBCwUA\\\\nA4IBAQCY8jdaQZChGsV2USggNiMOruYou6r4lK5IpDB/G/wkjUu0yKGX9rbxenDI\\\\nU5PMCCjjmCXPI6T53iHTfIUJrU6adTrCC2qJeHZERxhlbI1Bjjt/msv0tadQ1wUs\\\\nN+gDS63pYaACbvXy8MWy7Vu33PqUXHeeE6V/Uq2V8viTO96LXFvKWlJbYK8U90vv\\\\no/ufQJVtMVT8QtPHRh8jrdkPSHCa2XV4cdFyQzR1bldZwgJcJmApzyMZFo6IQ6XU\\\\n5MsI+yMRQ+hDKXJioaldXgjUkK642M4UwtBV8ob2xJNDd2ZhwLnoQdeXeGADbkpy\\\\nrqXRfboQnoZsG4q5WTP468SQvvG5\\\\n-----END CERTIFICATE-----\",\"REDIS_HOST\":\"localhost\",\"REDIS_PORT\":\"6379\",\"REDIS_PASSWORD\":\"8097K0llQfqQKHht\",\"REDIS_DB\":\"0\",\"REDIS_THRESHOLD\":\"10000\",\"AWS_REGION\":\"us-east-1\",\"S3_BUCKET_NAME\":\"factorial-calculator-service\",\"STORAGE_TYPE\":\"s3\",\"MAX_FACTORIAL\":\"10000\",\"WORKER_BATCH_SIZE\":\"100\",\"WORKER_MAX_BATCHES\":\"16\",\"AWS_ACCESS_KEY_ID\":\"AKIATFW6MDCYLK7TEZPA\",\"AWS_SECRET_ACCESS_KEY\":\"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\"}",
            "version_id": "ebfc6597-d111-41b3-9924-28a5cb9b0ece",
            "version_stage": "AWSCURRENT",
            "version_stages": [
              "AWSCURRENT"
            ]
          },
          "sensitive_attributes": [
            [
              {
                "type": "get_attr",
                "value": "secret_binary"
              }
            ],
            [
              {
                "type": "get_attr",
                "value": "secret_string"
              }
            ]
          ],
          "identity_schema_version": 0
        }
      ]
    },
    {
      "mode": "data",
      "type": "aws_subnets",
      "name": "default",
      "provider": "provider[\"registry.terraform.io/hashicorp/aws\"]",
      "instances": [
        {
          "schema_version": 0,
          "attributes": {
            "filter": [
              {
                "name": "vpc-id",
                "values": [
                  "vpc-0956e9914efe15691"
                ]
              }
            ],
            "id": "us-east-1",
            "ids": [
              "subnet-0df4d5efedbb155bc",
              "subnet-03bf713327aafdf4e",
              "subnet-095a79cc11201be12",
              "subnet-0911715bbcfeaf63f",
              "subnet-0484b1c030d49a464",
              "subnet-01935147ce4a55773",
              "subnet-05c045bcabdc0e6b3",
              "subnet-0e880da0367cea511",
              "subnet-0db43c54701e39c28"
            ],
            "tags": null,
            "timeouts": null
          },
          "sensitive_attributes": [],
          "identity_schema_version": 0
        }
      ]
    },
    {
      "module": "module.rabbitmq",
      "mode": "data",
      "type": "aws_secretsmanager_secret",
      "name": "rabbitmq_credentials",
      "provider": "provider[\"registry.terraform.io/hashicorp/aws\"]",
      "instances": [
        {
          "schema_version": 0,
          "attributes": {
            "arn": "arn:aws:secretsmanager:us-east-1:218435950768:secret:dev/factorial-service-PuUw9d",
            "created_date": "2025-11-06T13:47:39Z",
            "description": "dev/factorial-service env for API, Worker, Calculator",
            "id": "arn:aws:secretsmanager:us-east-1:218435950768:secret:dev/factorial-service-PuUw9d",
            "kms_key_id": "",
            "last_changed_date": "2025-11-09T09:19:13Z",
            "name": "dev/factorial-service",
            "policy": "",
            "tags": {}
          },
          "sensitive_attributes": [],
          "identity_schema_version": 0
        }
      ]
    },
    {
      "module": "module.rabbitmq",
      "mode": "data",
      "type": "aws_secretsmanager_secret_version",
      "name": "rabbitmq_credentials",
      "provider": "provider[\"registry.terraform.io/hashicorp/aws\"]",
      "instances": [
        {
          "schema_version": 0,
          "attributes": {
            "arn": "arn:aws:secretsmanager:us-east-1:218435950768:secret:dev/factorial-service-PuUw9d",
            "created_date": "2025-11-09T09:19:13Z",
            "id": "arn:aws:secretsmanager:us-east-1:218435950768:secret:dev/factorial-service-PuUw9d|AWSCURRENT",
            "secret_binary": "",
            "secret_id": "arn:aws:secretsmanager:us-east-1:218435950768:secret:dev/factorial-service-PuUw9d",
            "secret_string": "{\"SERVER_PORT\":\":8080\",\"SWAGGER_HOST\":\"https://express-nodejs-demo-alb-1541480660.us-east-1.elb.amazonaws.com\",\"DB_USER\":\"postgres\",\"DB_PASSWORD\":\"QuRToVmfbCE5hHL6bzBu\",\"DB_HOST\":\"order-simple-postgres-db.cqbgggkcy7zq.us-east-1.rds.amazonaws.com\",\"DB_PORT\":\"5432\",\"DB_NAME\":\"postgres\",\"DB_SSLMODE\":\"require\",\"DB_TYPE\":\"postgres\",\"RABBITMQ_USER\":\"anto_dev\",\"RABBITMQ_PASSWORD\":\"eFEg8aMSc.EbF-W\",\"RABBITMQ_HOST\":\"b-08193775-de78-49e3-9f38-e98847124784.mq.us-east-1.on.aws\",\"RABBITMQ_PORT\":\"5671\",\"FACTORIAL_CAL_SERVICES_QUEUE_NAME\":\"factorial-cal-queue\",\"RABBITMQ_CA\":\"-----BEGIN CERTIFICATE-----\\\\nMIIDQTCCAimgAwIBAgITBmyfz5m/jAo54vB4ikPmljZbyjANBgkqhkiG9w0BAQsF\\\\nADA5MQswCQYDVQQGEwJVUzEPMA0GA1UEChMGQW1hem9uMRkwFwYDVQQDExBBbWF6\\\\nb24gUm9vdCBDQSAxMB4XDTE1MDUyNjAwMDAwMFoXDTM4MDExNzAwMDAwMFowOTEL\\\\nMAkGA1UEBhMCVVMxDzANBgNVBAoTBkFtYXpvbjEZMBcGA1UEAxMQQW1hem9uIFJv\\\\nb3QgQ0EgMTCCASIwDQYJKoZIhvcNAQEBBQADggEPADCCAQoCggEBALJ4gHHKeNXj\\\\nca9HgFB0fW7Y14h29Jlo91ghYPl0hAEvrAIthtOgQ3pOsqTQNroBvo3bSMgHFzZM\\\\n9O6II8c+6zf1tRn4SWiw3te5djgdYZ6k/oI2peVKVuRF4fn9tBb6dNqcmzU5L/qw\\\\nIFAGbHrQgLKm+a/sRxmPUDgH3KKHOVj4utWp+UhnMJbulHheb4mjUcAwhmahRWa6\\\\nVOujw5H5SNz/0egwLX0tdHA114gk957EWW67c4cX8jJGKLhD+rcdqsq08p8kDi1L\\\\n93FcXmn/6pUCyziKrlA4b9v7LWIbxcceVOF34GfID5yHI9Y/QCB/IIDEgEw+OyQm\\\\njgSubJrIqg0CAwEAAaNCMEAwDwYDVR0TAQH/BAUwAwEB/zAOBgNVHQ8BAf8EBAMC\\\\nAYYwHQYDVR0OBBYEFIQYzIU07LwMlJQuCFmcx7IQTgoIMA0GCSqGSIb3DQEBCwUA\\\\nA4IBAQCY8jdaQZChGsV2USggNiMOruYou6r4lK5IpDB/G/wkjUu0yKGX9rbxenDI\\\\nU5PMCCjjmCXPI6T53iHTfIUJrU6adTrCC2qJeHZERxhlbI1Bjjt/msv0tadQ1wUs\\\\nN+gDS63pYaACbvXy8MWy7Vu33PqUXHeeE6V/Uq2V8viTO96LXFvKWlJbYK8U90vv\\\\no/ufQJVtMVT8QtPHRh8jrdkPSHCa2XV4cdFyQzR1bldZwgJcJmApzyMZFo6IQ6XU\\\\n5MsI+yMRQ+hDKXJioaldXgjUkK642M4UwtBV8ob2xJNDd2ZhwLnoQdeXeGADbkpy\\\\nrqXRfboQnoZsG4q5WTP468SQvvG5\\\\n-----END CERTIFICATE-----\",\"REDIS_HOST\":\"localhost\",\"REDIS_PORT\":\"6379\",\"REDIS_PASSWORD\":\"8097K0llQfqQKHht\",\"REDIS_DB\":\"0\",\"REDIS_THRESHOLD\":\"10000\",\"AWS_REGION\":\"us-east-1\",\"S3_BUCKET_NAME\":\"factorial-calculator-service\",\"STORAGE_TYPE\":\"s3\",\"MAX_FACTORIAL\":\"10000\",\"WORKER_BATCH_SIZE\":\"100\",\"WORKER_MAX_BATCHES\":\"16\",\"AWS_ACCESS_KEY_ID\":\"AKIATFW6MDCYLK7TEZPA\",\"AWS_SECRET_ACCESS_KEY\":\"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\"}",
            "version_id": "ebfc6597-d111-41b3-9924-28a5cb9b0ece",
            "version_stage": "AWSCURRENT",
            "version_stages": [
              "AWSCURRENT"
            ]
          },
          "sensitive_attributes": [
            [
              {
                "type": "get_attr",
                "value": "secret_binary"
              }
            ],
            [
              {
                "type": "get_attr",
                "value": "secret_string"
              }
            ]
          ],
          "identity_schema_version": 0
        }
      ]
    },
    {
      "module": "module.rabbitmq",
      "mode": "data",
      "type": "aws_vpc",
      "name": "this",
      "provider": "provider[\"registry.terraform.io/hashicorp/aws\"]",
      "instances": [
        {
          "schema_version": 0,
          "attributes": {
            "arn": "arn:aws:ec2:us-east-1:218435950768:vpc/vpc-0956e9914efe15691",
            "cidr_block": "10.0.0.0/16",
            "cidr_block_associations": [
              {
                "association_id": "vpc-cidr-assoc-0310ba7a8643956be",
                "cidr_block": "10.0.0.0/16",
                "state": "associated"
              }
            ],
            "default": false,
            "dhcp_options_id": "dopt-0dba8c5a97367adfb",
            "enable_dns_hostnames": true,
            "enable_dns_support": true,
            "enable_network_address_usage_metrics": false,
            "filter": null,
            "id": "vpc-0956e9914efe15691",
            "instance_tenancy": "default",
            "ipv6_association_id": "",
            "ipv6_cidr_block": "",
            "main_route_table_id": "rtb-0cda54aac64462baa",
            "owner_id": "218435950768",
            "state": null,
            "tags": {
              "Name": "express-nodejs-demo-vpc",
              "department": "dev",
              "env": "production",
              "name": "express-nodejs-demo-express-app",
              "owner": "MrT",
              "project": "express-nodejs-demo"
            },
            "timeouts": null
          },
          "sensitive_attributes": [],
          "identity_schema_version": 0
        }
      ]
    },
    {
      "module": "module.rabbitmq",
      "mode": "managed",
      "type": "aws_mq_broker",
      "name": "rabbitmq",
      "provider": "provider[\"registry.terraform.io/hashicorp/aws\"]",
      "instances": [
        {
          "schema_version": 0,
          "attributes": {
            "apply_immediately": false,
            "arn": "arn:aws:mq:us-east-1:218435950768:broker:infra-rabbitmq:b-5dca4dcb-18cc-47f8-9184-aa3525e1b75d",
            "authentication_strategy": "simple",
            "auto_minor_version_upgrade": true,
            "broker_name": "infra-rabbitmq",
            "configuration": [
              {
                "id": "c-f7f9e4d2-4f93-43a1-bba8-6ece1a747bbe",
                "revision": 1
              }
            ],
            "data_replication_mode": "",
            "data_replication_primary_broker_arn": null,
            "deployment_mode": "SINGLE_INSTANCE",
            "encryption_options": [
              {
                "kms_key_id": "",
                "use_aws_owned_key": true
              }
            ],
            "engine_type": "RabbitMQ",
            "engine_version": "3.13",
            "host_instance_type": "mq.t3.micro",
            "id": "b-5dca4dcb-18cc-47f8-9184-aa3525e1b75d",
            "instances": [
              {
                "console_url": "https://b-5dca4dcb-18cc-47f8-9184-aa3525e1b75d.mq.us-east-1.on.aws",
                "endpoints": [
                  "amqps://b-5dca4dcb-18cc-47f8-9184-aa3525e1b75d.mq.us-east-1.on.aws:5671"
                ],
                "ip_address": ""
              }
            ],
            "ldap_server_metadata": [],
            "logs": [
              {
                "audit": "",
                "general": true
              }
            ],
            "maintenance_window_start_time": [
              {
                "day_of_week": "TUESDAY",
                "time_of_day": "17:00",
                "time_zone": "UTC"
              }
            ],
            "pending_data_replication_mode": "",
            "publicly_accessible": false,
            "security_groups": [
              "sg-06a9f6e72e9104693"
            ],
            "storage_type": "ebs",
            "subnet_ids": [
              "subnet-0df4d5efedbb155bc"
            ],
            "tags": {
              "Environment": "Development",
              "Project": "FactorialService"
            },
            "tags_all": {
              "Environment": "Development",
              "Project": "FactorialService"
            },
            "timeouts": null,
            "user": [
              {
                "console_access": false,
                "groups": [],
                "password": "eFEg8aMSc.EbF-W",
                "replication_user": false,
                "username": "anto_dev"
              }
            ]
          },
          "sensitive_attributes": [
            [
              {
                "type": "get_attr",
                "value": "user"
              }
            ]
          ],
          "identity_schema_version": 0,
          "private": "eyJlMmJmYjczMC1lY2FhLTExZTYtOGY4OC0zNDM2M2JjN2M0YzAiOnsiY3JlYXRlIjoxODAwMDAwMDAwMDAwLCJkZWxldGUiOjE4MDAwMDAwMDAwMDAsInVwZGF0ZSI6MTgwMDAwMDAwMDAwMH19",
          "dependencies": [
            "data.aws_secretsmanager_secret.factorial_service",
            "data.aws_secretsmanager_secret_version.factorial_service",
            "data.aws_subnets.default",
            "module.rabbitmq.aws_security_group.rabbitmq",
            "module.rabbitmq.data.aws_secretsmanager_secret.rabbitmq_credentials",
            "module.rabbitmq.data.aws_secretsmanager_secret_version.rabbitmq_credentials",
            "module.rabbitmq.data.aws_vpc.this"
          ]
        }
      ]
    },
    {
      "module": "module.rabbitmq",
      "mode": "managed",
      "type": "aws_security_group",
      "name": "rabbitmq",
      "provider": "provider[\"registry.terraform.io/hashicorp/aws\"]",
      "instances": [
        {
          "schema_version": 1,
          "attributes": {
            "arn": "arn:aws:ec2:us-east-1:218435950768:security-group/sg-06a9f6e72e9104693",
            "description": "Security group for RabbitMQ broker",
            "egress": [
              {
                "cidr_blocks": [
                  "0.0.0.0/0"
                ],
                "description": "Allow all outbound",
                "from_port": 0,
                "ipv6_cidr_blocks": [],
                "prefix_list_ids": [],
                "protocol": "-1",
                "security_groups": [],
                "self": false,
                "to_port": 0
              }
            ],
            "id": "sg-06a9f6e72e9104693",
            "ingress": [
              {
                "cidr_blocks": [
                  "10.0.0.0/16"
                ],
                "description": "RabbitMQ AMQP",
                "from_port": 5672,
                "ipv6_cidr_blocks": [],
                "prefix_list_ids": [],
                "protocol": "tcp",
                "security_groups": [],
                "self": false,
                "to_port": 5672
              },
              {
                "cidr_blocks": [
                  "10.0.0.0/16"
                ],
                "description": "RabbitMQ Management",
                "from_port": 15672,
                "ipv6_cidr_blocks": [],
                "prefix_list_ids": [],
                "protocol": "tcp",
                "security_groups": [],
                "self": false,
                "to_port": 15672
              }
            ],
            "name": "infra-rabbitmq-sg",
            "name_prefix": "",
            "owner_id": "218435950768",
            "revoke_rules_on_delete": false,
            "tags": {
              "Environment": "Development",
              "Name": "infra-rabbitmq-sg",
              "Project": "FactorialService"
            },
            "tags_all": {
              "Environment": "Development",
              "Name": "infra-rabbitmq-sg",
              "Project": "FactorialService"
            },
            "timeouts": null,
            "vpc_id": "vpc-0956e9914efe15691"
          },
          "sensitive_attributes": [],
          "identity_schema_version": 0,
          "private": "eyJlMmJmYjczMC1lY2FhLTExZTYtOGY4OC0zNDM2M2JjN2M0YzAiOnsiY3JlYXRlIjo2MDAwMDAwMDAwMDAsImRlbGV0ZSI6OTAwMDAwMDAwMDAwfSwic2NoZW1hX3ZlcnNpb24iOiIxIn0=",
          "dependencies": [
            "module.rabbitmq.data.aws_vpc.this"
          ]
        }
      ]
    },
    {
      "module": "module.redis",
      "mode": "data",
      "type": "aws_vpc",
      "name": "this",
      "provider": "provider[\"registry.terraform.io/hashicorp/aws\"]",
      "instances": [
        {
          "schema_version": 0,
          "attributes": {
            "arn": "arn:aws:ec2:us-east-1:218435950768:vpc/vpc-0956e9914efe15691",
            "cidr_block": "10.0.0.0/16",
            "cidr_block_associations": [
              {
                "association_id": "vpc-cidr-assoc-0310ba7a8643956be",
                "cidr_block": "10.0.0.0/16",
                "state": "associated"
              }
            ],
            "default": false,
            "dhcp_options_id": "dopt-0dba8c5a97367adfb",
            "enable_dns_hostnames": true,
            "enable_dns_support": true,
            "enable_network_address_usage_metrics": false,
            "filter": null,
            "id": "vpc-0956e9914efe15691",
            "instance_tenancy": "default",
            "ipv6_association_id": "",
            "ipv6_cidr_block": "",
            "main_route_table_id": "rtb-0cda54aac64462baa",
            "owner_id": "218435950768",
            "state": null,
            "tags": {
              "Name": "express-nodejs-demo-vpc",
              "department": "dev",
              "env": "production",
              "name": "express-nodejs-demo-express-app",
              "owner": "MrT",
              "project": "express-nodejs-demo"
            },
            "timeouts": null
          },
          "sensitive_attributes": [],
          "identity_schema_version": 0
        }
      ]
    },
    {
      "module": "module.redis",
      "mode": "managed",
      "type": "aws_elasticache_replication_group",
      "name": "redis",
      "provider": "provider[\"registry.terraform.io/hashicorp/aws\"]",
      "instances": [
        {
          "schema_version": 2,
          "attributes": {
            "apply_immediately": null,
            "arn": "arn:aws:elasticache:us-east-1:218435950768:replicationgroup:infra-redis",
            "at_rest_encryption_enabled": "false",
            "auth_token": "8097K0llQfqQKHht",
            "auth_token_update_strategy": "ROTATE",
            "auto_minor_version_upgrade": "true",
            "automatic_failover_enabled": false,
            "cluster_enabled": false,
            "cluster_mode": "disabled",
            "configuration_endpoint_address": null,
            "data_tiering_enabled": false,
            "description": "Redis replication group for infra",
            "engine": "redis",
            "engine_version": "7.0",
            "engine_version_actual": "7.0.7",
            "final_snapshot_identifier": null,
            "global_replication_group_id": null,
            "id": "infra-redis",
            "ip_discovery": "ipv4",
            "kms_key_id": "",
            "log_delivery_configuration": [],
            "maintenance_window": "sun:06:30-sun:07:30",
            "member_clusters": [
              "infra-redis-001"
            ],
            "multi_az_enabled": false,
            "network_type": "ipv4",
            "node_type": "cache.t3.micro",
            "notification_topic_arn": null,
            "num_cache_clusters": 1,
            "num_node_groups": 1,
            "parameter_group_name": "default.redis7",
            "port": 6379,
            "preferred_cache_cluster_azs": null,
            "primary_endpoint_address": "master.infra-redis.hwfzsd.use1.cache.amazonaws.com",
            "reader_endpoint_address": "replica.infra-redis.hwfzsd.use1.cache.amazonaws.com",
            "replicas_per_node_group": 0,
            "replication_group_id": "infra-redis",
            "security_group_ids": [
              "sg-0beb72db757fb7066"
            ],
            "security_group_names": [],
            "snapshot_arns": null,
            "snapshot_name": null,
            "snapshot_retention_limit": 0,
            "snapshot_window": "03:30-04:30",
            "subnet_group_name": "infra-redis-subnet-group",
            "tags": {
              "Environment": "Development",
              "Project": "FactorialService"
            },
            "tags_all": {
              "Environment": "Development",
              "Project": "FactorialService"
            },
            "timeouts": null,
            "transit_encryption_enabled": true,
            "transit_encryption_mode": "required",
            "user_group_ids": null
          },
          "sensitive_attributes": [
            [
              {
                "type": "get_attr",
                "value": "auth_token"
              }
            ],
            [
              {
                "type": "get_attr",
                "value": "transit_encryption_enabled"
              }
            ]
          ],
          "identity_schema_version": 0,
          "private": "eyJlMmJmYjczMC1lY2FhLTExZTYtOGY4OC0zNDM2M2JjN2M0YzAiOnsiY3JlYXRlIjozNjAwMDAwMDAwMDAwLCJkZWxldGUiOjI3MDAwMDAwMDAwMDAsInVwZGF0ZSI6MjQwMDAwMDAwMDAwMH0sInNjaGVtYV92ZXJzaW9uIjoiMiJ9",
          "dependencies": [
            "data.aws_secretsmanager_secret.factorial_service",
            "data.aws_secretsmanager_secret_version.factorial_service",
            "module.redis.aws_elasticache_subnet_group.redis_subnet_group",
            "module.redis.aws_security_group.redis",
            "module.redis.data.aws_vpc.this"
          ]
        }
      ]
    },
    {
      "module": "module.redis",
      "mode": "managed",
      "type": "aws_elasticache_subnet_group",
      "name": "redis_subnet_group",
      "provider": "provider[\"registry.terraform.io/hashicorp/aws\"]",
      "instances": [
        {
          "schema_version": 0,
          "attributes": {
            "arn": "arn:aws:elasticache:us-east-1:218435950768:subnetgroup:infra-redis-subnet-group",
            "description": "Managed by Terraform",
            "id": "infra-redis-subnet-group",
            "name": "infra-redis-subnet-group",
            "subnet_ids": [
              "subnet-0484b1c030d49a464",
              "subnet-0911715bbcfeaf63f"
            ],
            "tags": {
              "Environment": "Development",
              "Project": "FactorialService"
            },
            "tags_all": {
              "Environment": "Development",
              "Project": "FactorialService"
            },
            "vpc_id": "vpc-0956e9914efe15691"
          },
          "sensitive_attributes": [],
          "identity_schema_version": 0,
          "private": "bnVsbA=="
        }
      ]
    },
    {
      "module": "module.redis",
      "mode": "managed",
      "type": "aws_security_group",
      "name": "redis",
      "provider": "provider[\"registry.terraform.io/hashicorp/aws\"]",
      "instances": [
        {
          "schema_version": 1,
          "attributes": {
            "arn": "arn:aws:ec2:us-east-1:218435950768:security-group/sg-0beb72db757fb7066",
            "description": "Security group for Redis ElastiCache cluster",
            "egress": [
              {
                "cidr_blocks": [
                  "0.0.0.0/0"
                ],
                "description": "Allow all outbound",
                "from_port": 0,
                "ipv6_cidr_blocks": [],
                "prefix_list_ids": [],
                "protocol": "-1",
                "security_groups": [],
                "self": false,
                "to_port": 0
              }
            ],
            "id": "sg-0beb72db757fb7066",
            "ingress": [
              {
                "cidr_blocks": [
                  "10.0.0.0/16"
                ],
                "description": "Redis from VPC",
                "from_port": 6379,
                "ipv6_cidr_blocks": [],
                "prefix_list_ids": [],
                "protocol": "tcp",
                "security_groups": [],
                "self": false,
                "to_port": 6379
              }
            ],
            "name": "infra-redis-sg",
            "name_prefix": "",
            "owner_id": "218435950768",
            "revoke_rules_on_delete": false,
            "tags": {
              "Environment": "Development",
              "Name": "infra-redis-sg",
              "Project": "FactorialService"
            },
            "tags_all": {
              "Environment": "Development",
              "Name": "infra-redis-sg",
              "Project": "FactorialService"
            },
            "timeouts": null,
            "vpc_id": "vpc-0956e9914efe15691"
          },
          "sensitive_attributes": [],
          "identity_schema_version": 0,
          "private": "eyJlMmJmYjczMC1lY2FhLTExZTYtOGY4OC0zNDM2M2JjN2M0YzAiOnsiY3JlYXRlIjo2MDAwMDAwMDAwMDAsImRlbGV0ZSI6OTAwMDAwMDAwMDAwfSwic2NoZW1hX3ZlcnNpb24iOiIxIn0=",
          "dependencies": [
            "module.redis.data.aws_vpc.this"
          ]
        }
      ]
    }
  ],
  "check_results": null
}
