{
    "version": 3,
    "terraform_version": "0.12.31",
    "serial": 1,
    "lineage": "f0032404-4303-1d8f-7674-f07d621b3d14",
    "modules": [
        {
            "path": [
                "root"
            ],
            "outputs": {
                "aws_iam_access_key_tfer--AKIATFW6MDCYLK7TEZPA_id": {
                    "sensitive": false,
                    "type": "string",
                    "value": "AKIATFW6MDCYLK7TEZPA"
                },
                "aws_iam_group_policy_attachment_tfer--admin_user_AWSBillingReadOnlyAccess_id": {
                    "sensitive": false,
                    "type": "string",
                    "value": "admin_user/arn:aws:iam::aws:policy/AWSBillingReadOnlyAccess"
                },
                "aws_iam_group_policy_attachment_tfer--admin_user_AdministratorAccess_id": {
                    "sensitive": false,
                    "type": "string",
                    "value": "admin_user/arn:aws:iam::aws:policy/AdministratorAccess"
                },
                "aws_iam_group_tfer--admin_user_id": {
                    "sensitive": false,
                    "type": "string",
                    "value": "admin_user"
                },
                "aws_iam_group_tfer--dev_example_id": {
                    "sensitive": false,
                    "type": "string",
                    "value": "dev_example"
                },
                "aws_iam_group_tfer--dev_ops_example_id": {
                    "sensitive": false,
                    "type": "string",
                    "value": "dev_ops_example"
                },
                "aws_iam_group_tfer--github_deploy_bot_id": {
                    "sensitive": false,
                    "type": "string",
                    "value": "github_deploy_bot"
                },
                "aws_iam_instance_profile_tfer--ecsInstanceRole_id": {
                    "sensitive": false,
                    "type": "string",
                    "value": "ecsInstanceRole"
                },
                "aws_iam_policy_tfer--S3_READ_ONLY_id": {
                    "sensitive": false,
                    "type": "string",
                    "value": "arn:aws:iam::218435950768:policy/S3_READ_ONLY"
                },
                "aws_iam_policy_tfer--User_Billing_id": {
                    "sensitive": false,
                    "type": "string",
                    "value": "arn:aws:iam::218435950768:policy/User_Billing"
                },
                "aws_iam_role_policy_attachment_tfer--AWSServiceRoleForAmazonEKS_AmazonEKSServiceRolePolicy_id": {
                    "sensitive": false,
                    "type": "string",
                    "value": "AWSServiceRoleForAmazonEKS/arn:aws:iam::aws:policy/aws-service-role/AmazonEKSServiceRolePolicy"
                },
                "aws_iam_role_policy_attachment_tfer--AWSServiceRoleForAmazonMQ_AmazonMQServiceRolePolicy_id": {
                    "sensitive": false,
                    "type": "string",
                    "value": "AWSServiceRoleForAmazonMQ/arn:aws:iam::aws:policy/aws-service-role/AmazonMQServiceRolePolicy"
                },
                "aws_iam_role_policy_attachment_tfer--AWSServiceRoleForApplicationAutoScaling_ECSService_AWSApplicationAutoscalingECSServicePolicy_id": {
                    "sensitive": false,
                    "type": "string",
                    "value": "AWSServiceRoleForApplicationAutoScaling_ECSService/arn:aws:iam::aws:policy/aws-service-role/AWSApplicationAutoscalingECSServicePolicy"
                },
                "aws_iam_role_policy_attachment_tfer--AWSServiceRoleForCostOptimizationHub_CostOptimizationHubServiceRolePolicy_id": {
                    "sensitive": false,
                    "type": "string",
                    "value": "AWSServiceRoleForCostOptimizationHub/arn:aws:iam::aws:policy/aws-service-role/CostOptimizationHubServiceRolePolicy"
                },
                "aws_iam_role_policy_attachment_tfer--AWSServiceRoleForECSCompute_AmazonECSComputeServiceRolePolicy_id": {
                    "sensitive": false,
                    "type": "string",
                    "value": "AWSServiceRoleForECSCompute/arn:aws:iam::aws:policy/aws-service-role/AmazonECSComputeServiceRolePolicy"
                },
                "aws_iam_role_policy_attachment_tfer--AWSServiceRoleForECS_AmazonECSServiceRolePolicy_id": {
                    "sensitive": false,
                    "type": "string",
                    "value": "AWSServiceRoleForECS/arn:aws:iam::aws:policy/aws-service-role/AmazonECSServiceRolePolicy"
                },
                "aws_iam_role_policy_attachment_tfer--AWSServiceRoleForElasticLoadBalancing_AWSElasticLoadBalancingServiceRolePolicy_id": {
                    "sensitive": false,
                    "type": "string",
                    "value": "AWSServiceRoleForElasticLoadBalancing/arn:aws:iam::aws:policy/aws-service-role/AWSElasticLoadBalancingServiceRolePolicy"
                },
                "aws_iam_role_policy_attachment_tfer--AWSServiceRoleForGlobalAccelerator_AWSGlobalAcceleratorSLRPolicy_id": {
                    "sensitive": false,
                    "type": "string",
                    "value": "AWSServiceRoleForGlobalAccelerator/arn:aws:iam::aws:policy/aws-service-role/AWSGlobalAcceleratorSLRPolicy"
                },
                "aws_iam_role_policy_attachment_tfer--AWSServiceRoleForRDS_AmazonRDSServiceRolePolicy_id": {
                    "sensitive": false,
                    "type": "string",
                    "value": "AWSServiceRoleForRDS/arn:aws:iam::aws:policy/aws-service-role/AmazonRDSServiceRolePolicy"
                },
                "aws_iam_role_policy_attachment_tfer--AWSServiceRoleForResourceExplorer_AWSResourceExplorerServiceRolePolicy_id": {
                    "sensitive": false,
                    "type": "string",
                    "value": "AWSServiceRoleForResourceExplorer/arn:aws:iam::aws:policy/aws-service-role/AWSResourceExplorerServiceRolePolicy"
                },
                "aws_iam_role_policy_attachment_tfer--AWSServiceRoleForSupport_AWSSupportServiceRolePolicy_id": {
                    "sensitive": false,
                    "type": "string",
                    "value": "AWSServiceRoleForSupport/arn:aws:iam::aws:policy/aws-service-role/AWSSupportServiceRolePolicy"
                },
                "aws_iam_role_policy_attachment_tfer--AWSServiceRoleForTrustedAdvisor_AWSTrustedAdvisorServiceRolePolicy_id": {
                    "sensitive": false,
                    "type": "string",
                    "value": "AWSServiceRoleForTrustedAdvisor/arn:aws:iam::aws:policy/aws-service-role/AWSTrustedAdvisorServiceRolePolicy"
                },
                "aws_iam_role_policy_attachment_tfer--EKS_cluster_default_role_AmazonEKSBlockStoragePolicy_id": {
                    "sensitive": false,
                    "type": "string",
                    "value": "EKS_cluster_default_role/arn:aws:iam::aws:policy/AmazonEKSBlockStoragePolicy"
                },
                "aws_iam_role_policy_attachment_tfer--EKS_cluster_default_role_AmazonEKSClusterPolicy_id": {
                    "sensitive": false,
                    "type": "string",
                    "value": "EKS_cluster_default_role/arn:aws:iam::aws:policy/AmazonEKSClusterPolicy"
                },
                "aws_iam_role_policy_attachment_tfer--EKS_cluster_default_role_AmazonEKSComputePolicy_id": {
                    "sensitive": false,
                    "type": "string",
                    "value": "EKS_cluster_default_role/arn:aws:iam::aws:policy/AmazonEKSComputePolicy"
                },
                "aws_iam_role_policy_attachment_tfer--EKS_cluster_default_role_AmazonEKSLoadBalancingPolicy_id": {
                    "sensitive": false,
                    "type": "string",
                    "value": "EKS_cluster_default_role/arn:aws:iam::aws:policy/AmazonEKSLoadBalancingPolicy"
                },
                "aws_iam_role_policy_attachment_tfer--EKS_cluster_default_role_AmazonEKSNetworkingPolicy_id": {
                    "sensitive": false,
                    "type": "string",
                    "value": "EKS_cluster_default_role/arn:aws:iam::aws:policy/AmazonEKSNetworkingPolicy"
                },
                "aws_iam_role_policy_attachment_tfer--EKS_node_default_role_AmazonEC2ContainerRegistryPullOnly_id": {
                    "sensitive": false,
                    "type": "string",
                    "value": "EKS_node_default_role/arn:aws:iam::aws:policy/AmazonEC2ContainerRegistryPullOnly"
                },
                "aws_iam_role_policy_attachment_tfer--EKS_node_default_role_AmazonEKSWorkerNodeMinimalPolicy_id": {
                    "sensitive": false,
                    "type": "string",
                    "value": "EKS_node_default_role/arn:aws:iam::aws:policy/AmazonEKSWorkerNodeMinimalPolicy"
                },
                "aws_iam_role_policy_attachment_tfer--GitHubActionsECSRole_AmazonEC2ContainerRegistryPowerUser_id": {
                    "sensitive": false,
                    "type": "string",
                    "value": "GitHubActionsECSRole/arn:aws:iam::aws:policy/AmazonEC2ContainerRegistryPowerUser"
                },
                "aws_iam_role_policy_attachment_tfer--GitHubActionsECSRole_AmazonEC2ContainerRegistryPullOnly_id": {
                    "sensitive": false,
                    "type": "string",
                    "value": "GitHubActionsECSRole/arn:aws:iam::aws:policy/AmazonEC2ContainerRegistryPullOnly"
                },
                "aws_iam_role_policy_attachment_tfer--GitHubActionsECSRole_AmazonEC2ContainerRegistryReadOnly_id": {
                    "sensitive": false,
                    "type": "string",
                    "value": "GitHubActionsECSRole/arn:aws:iam::aws:policy/AmazonEC2ContainerRegistryReadOnly"
                },
                "aws_iam_role_policy_attachment_tfer--GitHubActionsECSRole_AmazonECSTaskExecutionRolePolicy_id": {
                    "sensitive": false,
                    "type": "string",
                    "value": "GitHubActionsECSRole/arn:aws:iam::aws:policy/service-role/AmazonECSTaskExecutionRolePolicy"
                },
                "aws_iam_role_policy_attachment_tfer--GitHubActionsECSRole_AmazonECS_FullAccess_id": {
                    "sensitive": false,
                    "type": "string",
                    "value": "GitHubActionsECSRole/arn:aws:iam::aws:policy/AmazonECS_FullAccess"
                },
                "aws_iam_role_policy_attachment_tfer--GitHubActionsECSRole_CloudWatchLogsFullAccess_id": {
                    "sensitive": false,
                    "type": "string",
                    "value": "GitHubActionsECSRole/arn:aws:iam::aws:policy/CloudWatchLogsFullAccess"
                },
                "aws_iam_role_policy_attachment_tfer--ecs-task-execution-role_AmazonECSTaskExecutionRolePolicy_id": {
                    "sensitive": false,
                    "type": "string",
                    "value": "ecs-task-execution-role/arn:aws:iam::aws:policy/service-role/AmazonECSTaskExecutionRolePolicy"
                },
                "aws_iam_role_policy_attachment_tfer--ecs-task-role_AmazonECSTaskExecutionRolePolicy_id": {
                    "sensitive": false,
                    "type": "string",
                    "value": "ecs-task-role/arn:aws:iam::aws:policy/service-role/AmazonECSTaskExecutionRolePolicy"
                },
                "aws_iam_role_policy_attachment_tfer--ecsInfrastructureRole_AmazonECSInfrastructureRolePolicyForManagedInstances_id": {
                    "sensitive": false,
                    "type": "string",
                    "value": "ecsInfrastructureRole/arn:aws:iam::aws:policy/AmazonECSInfrastructureRolePolicyForManagedInstances"
                },
                "aws_iam_role_policy_attachment_tfer--ecsInstanceRole_AmazonECSInstanceRolePolicyForManagedInstances_id": {
                    "sensitive": false,
                    "type": "string",
                    "value": "ecsInstanceRole/arn:aws:iam::aws:policy/AmazonECSInstanceRolePolicyForManagedInstances"
                },
                "aws_iam_role_policy_attachment_tfer--rds-monitoring-role_AmazonRDSEnhancedMonitoringRole_id": {
                    "sensitive": false,
                    "type": "string",
                    "value": "rds-monitoring-role/arn:aws:iam::aws:policy/service-role/AmazonRDSEnhancedMonitoringRole"
                },
                "aws_iam_role_policy_tfer--ecs-task-execution-role_ecs-full-ecr-access_id": {
                    "sensitive": false,
                    "type": "string",
                    "value": "ecs-task-execution-role:ecs-full-ecr-access"
                },
                "aws_iam_role_policy_tfer--ecs-task-execution-role_ecs-get-secret-simple-order_id": {
                    "sensitive": false,
                    "type": "string",
                    "value": "ecs-task-execution-role:ecs-get-secret-simple-order"
                },
                "aws_iam_role_tfer--AWSServiceRoleForAmazonEKS_id": {
                    "sensitive": false,
                    "type": "string",
                    "value": "AWSServiceRoleForAmazonEKS"
                },
                "aws_iam_role_tfer--AWSServiceRoleForAmazonMQ_id": {
                    "sensitive": false,
                    "type": "string",
                    "value": "AWSServiceRoleForAmazonMQ"
                },
                "aws_iam_role_tfer--AWSServiceRoleForApplicationAutoScaling_ECSService_id": {
                    "sensitive": false,
                    "type": "string",
                    "value": "AWSServiceRoleForApplicationAutoScaling_ECSService"
                },
                "aws_iam_role_tfer--AWSServiceRoleForCostOptimizationHub_id": {
                    "sensitive": false,
                    "type": "string",
                    "value": "AWSServiceRoleForCostOptimizationHub"
                },
                "aws_iam_role_tfer--AWSServiceRoleForECSCompute_id": {
                    "sensitive": false,
                    "type": "string",
                    "value": "AWSServiceRoleForECSCompute"
                },
                "aws_iam_role_tfer--AWSServiceRoleForECS_id": {
                    "sensitive": false,
                    "type": "string",
                    "value": "AWSServiceRoleForECS"
                },
                "aws_iam_role_tfer--AWSServiceRoleForElasticLoadBalancing_id": {
                    "sensitive": false,
                    "type": "string",
                    "value": "AWSServiceRoleForElasticLoadBalancing"
                },
                "aws_iam_role_tfer--AWSServiceRoleForGlobalAccelerator_id": {
                    "sensitive": false,
                    "type": "string",
                    "value": "AWSServiceRoleForGlobalAccelerator"
                },
                "aws_iam_role_tfer--AWSServiceRoleForRDS_id": {
                    "sensitive": false,
                    "type": "string",
                    "value": "AWSServiceRoleForRDS"
                },
                "aws_iam_role_tfer--AWSServiceRoleForResourceExplorer_id": {
                    "sensitive": false,
                    "type": "string",
                    "value": "AWSServiceRoleForResourceExplorer"
                },
                "aws_iam_role_tfer--AWSServiceRoleForSupport_id": {
                    "sensitive": false,
                    "type": "string",
                    "value": "AWSServiceRoleForSupport"
                },
                "aws_iam_role_tfer--AWSServiceRoleForTrustedAdvisor_id": {
                    "sensitive": false,
                    "type": "string",
                    "value": "AWSServiceRoleForTrustedAdvisor"
                },
                "aws_iam_role_tfer--EKS_cluster_default_role_id": {
                    "sensitive": false,
                    "type": "string",
                    "value": "EKS_cluster_default_role"
                },
                "aws_iam_role_tfer--EKS_node_default_role_id": {
                    "sensitive": false,
                    "type": "string",
                    "value": "EKS_node_default_role"
                },
                "aws_iam_role_tfer--GitHubActionsECSRole_id": {
                    "sensitive": false,
                    "type": "string",
                    "value": "GitHubActionsECSRole"
                },
                "aws_iam_role_tfer--ecs-task-execution-role_id": {
                    "sensitive": false,
                    "type": "string",
                    "value": "ecs-task-execution-role"
                },
                "aws_iam_role_tfer--ecs-task-role_id": {
                    "sensitive": false,
                    "type": "string",
                    "value": "ecs-task-role"
                },
                "aws_iam_role_tfer--ecsInfrastructureRole_id": {
                    "sensitive": false,
                    "type": "string",
                    "value": "ecsInfrastructureRole"
                },
                "aws_iam_role_tfer--ecsInstanceRole_id": {
                    "sensitive": false,
                    "type": "string",
                    "value": "ecsInstanceRole"
                },
                "aws_iam_role_tfer--rds-monitoring-role_id": {
                    "sensitive": false,
                    "type": "string",
                    "value": "rds-monitoring-role"
                },
                "aws_iam_user_group_membership_tfer--anto_dev-002F-admin_user_id": {
                    "sensitive": false,
                    "type": "string",
                    "value": "anto_dev/admin_user"
                },
                "aws_iam_user_group_membership_tfer--anto_user-002F-dev_ops_example_id": {
                    "sensitive": false,
                    "type": "string",
                    "value": "anto_user/dev_ops_example"
                },
                "aws_iam_user_group_membership_tfer--github-actions-deploy-002F-github_deploy_bot_id": {
                    "sensitive": false,
                    "type": "string",
                    "value": "github-actions-deploy/github_deploy_bot"
                },
                "aws_iam_user_policy_attachment_tfer--anto_dev_IAMUserChangePassword_id": {
                    "sensitive": false,
                    "type": "string",
                    "value": "anto_dev/arn:aws:iam::aws:policy/IAMUserChangePassword"
                },
                "aws_iam_user_tfer--AIDATFW6MDCYBGFOSDHKV_id": {
                    "sensitive": false,
                    "type": "string",
                    "value": "anto_user"
                },
                "aws_iam_user_tfer--AIDATFW6MDCYFRTVHFNRC_id": {
                    "sensitive": false,
                    "type": "string",
                    "value": "anto_dev"
                },
                "aws_iam_user_tfer--AIDATFW6MDCYH4RBIJPQN_id": {
                    "sensitive": false,
                    "type": "string",
                    "value": "github-actions-deploy"
                }
            },
            "resources": {
                "aws_iam_access_key.tfer--AKIATFW6MDCYLK7TEZPA": {
                    "type": "aws_iam_access_key",
                    "depends_on": [],
                    "primary": {
                        "id": "AKIATFW6MDCYLK7TEZPA",
                        "attributes": {
                            "create_date": "2025-07-20T16:16:03Z",
                            "id": "AKIATFW6MDCYLK7TEZPA",
                            "status": "Active",
                            "user": "anto_dev"
                        },
                        "meta": {
                            "schema_version": 0
                        },
                        "tainted": false
                    },
                    "deposed": [],
                    "provider": "provider.aws"
                },
                "aws_iam_group.tfer--admin_user": {
                    "type": "aws_iam_group",
                    "depends_on": [],
                    "primary": {
                        "id": "admin_user",
                        "attributes": {
                            "arn": "arn:aws:iam::218435950768:group/admin_user",
                            "id": "admin_user",
                            "name": "admin_user",
                            "path": "/",
                            "unique_id": "AGPATFW6MDCYF2BYUZ6KS"
                        },
                        "meta": {
                            "schema_version": 0
                        },
                        "tainted": false
                    },
                    "deposed": [],
                    "provider": "provider.aws"
                },
                "aws_iam_group.tfer--dev_example": {
                    "type": "aws_iam_group",
                    "depends_on": [],
                    "primary": {
                        "id": "dev_example",
                        "attributes": {
                            "arn": "arn:aws:iam::218435950768:group/dev_example",
                            "id": "dev_example",
                            "name": "dev_example",
                            "path": "/",
                            "unique_id": "AGPATFW6MDCYIIPB6HSU2"
                        },
                        "meta": {
                            "schema_version": 0
                        },
                        "tainted": false
                    },
                    "deposed": [],
                    "provider": "provider.aws"
                },
                "aws_iam_group.tfer--dev_ops_example": {
                    "type": "aws_iam_group",
                    "depends_on": [],
                    "primary": {
                        "id": "dev_ops_example",
                        "attributes": {
                            "arn": "arn:aws:iam::218435950768:group/dev_ops_example",
                            "id": "dev_ops_example",
                            "name": "dev_ops_example",
                            "path": "/",
                            "unique_id": "AGPATFW6MDCYCRJR5RZKM"
                        },
                        "meta": {
                            "schema_version": 0
                        },
                        "tainted": false
                    },
                    "deposed": [],
                    "provider": "provider.aws"
                },
                "aws_iam_group.tfer--github_deploy_bot": {
                    "type": "aws_iam_group",
                    "depends_on": [],
                    "primary": {
                        "id": "github_deploy_bot",
                        "attributes": {
                            "arn": "arn:aws:iam::218435950768:group/github_deploy_bot",
                            "id": "github_deploy_bot",
                            "name": "github_deploy_bot",
                            "path": "/",
                            "unique_id": "AGPATFW6MDCYE6RPLN3KN"
                        },
                        "meta": {
                            "schema_version": 0
                        },
                        "tainted": false
                    },
                    "deposed": [],
                    "provider": "provider.aws"
                },
                "aws_iam_group_policy_attachment.tfer--admin_user_AWSBillingReadOnlyAccess": {
                    "type": "aws_iam_group_policy_attachment",
                    "depends_on": [],
                    "primary": {
                        "id": "admin_user/arn:aws:iam::aws:policy/AWSBillingReadOnlyAccess",
                        "attributes": {
                            "group": "admin_user",
                            "id": "admin_user/arn:aws:iam::aws:policy/AWSBillingReadOnlyAccess",
                            "policy_arn": "arn:aws:iam::aws:policy/AWSBillingReadOnlyAccess"
                        },
                        "meta": {
                            "schema_version": 0
                        },
                        "tainted": false
                    },
                    "deposed": [],
                    "provider": "provider.aws"
                },
                "aws_iam_group_policy_attachment.tfer--admin_user_AdministratorAccess": {
                    "type": "aws_iam_group_policy_attachment",
                    "depends_on": [],
                    "primary": {
                        "id": "admin_user/arn:aws:iam::aws:policy/AdministratorAccess",
                        "attributes": {
                            "group": "admin_user",
                            "id": "admin_user/arn:aws:iam::aws:policy/AdministratorAccess",
                            "policy_arn": "arn:aws:iam::aws:policy/AdministratorAccess"
                        },
                        "meta": {
                            "schema_version": 0
                        },
                        "tainted": false
                    },
                    "deposed": [],
                    "provider": "provider.aws"
                },
                "aws_iam_instance_profile.tfer--ecsInstanceRole": {
                    "type": "aws_iam_instance_profile",
                    "depends_on": [],
                    "primary": {
                        "id": "ecsInstanceRole",
                        "attributes": {
                            "arn": "arn:aws:iam::218435950768:instance-profile/ecsInstanceRole",
                            "create_date": "2025-10-18T21:16:23Z",
                            "id": "ecsInstanceRole",
                            "name": "ecsInstanceRole",
                            "name_prefix": "",
                            "path": "/",
                            "role": "ecsInstanceRole",
                            "tags.%": "0",
                            "tags_all.%": "0",
                            "unique_id": "AIPATFW6MDCYKAP5UPTMS"
                        },
                        "meta": {
                            "schema_version": 0
                        },
                        "tainted": false
                    },
                    "deposed": [],
                    "provider": "provider.aws"
                },
                "aws_iam_policy.tfer--S3_READ_ONLY": {
                    "type": "aws_iam_policy",
                    "depends_on": [],
                    "primary": {
                        "id": "arn:aws:iam::218435950768:policy/S3_READ_ONLY",
                        "attributes": {
                            "arn": "arn:aws:iam::218435950768:policy/S3_READ_ONLY",
                            "attachment_count": "0",
                            "description": "",
                            "id": "arn:aws:iam::218435950768:policy/S3_READ_ONLY",
                            "name": "S3_READ_ONLY",
                            "name_prefix": "",
                            "path": "/",
                            "policy": "{\"Statement\":[{\"Action\":[\"s3:GetObjectVersionTagging\",\"s3:GetStorageLensConfigurationTagging\",\"s3:GetObjectAcl\",\"s3:GetBucketObjectLockConfiguration\",\"s3:GetIntelligentTieringConfiguration\",\"s3:GetStorageLensGroup\",\"s3:GetAccessGrantsInstanceForPrefix\",\"s3:GetObjectVersionAcl\",\"s3:GetBucketPolicyStatus\",\"s3:GetAccessGrantsLocation\",\"s3:GetObjectRetention\",\"s3:GetBucketWebsite\",\"s3:GetJobTagging\",\"s3:GetMultiRegionAccessPoint\",\"s3:GetObjectAttributes\",\"s3:GetAccessGrantsInstanceResourcePolicy\",\"s3:GetObjectLegalHold\",\"s3:GetBucketNotification\",\"s3:DescribeMultiRegionAccessPointOperation\",\"s3:GetReplicationConfiguration\",\"s3:GetObject\",\"s3:GetBucketMetadataTableConfiguration\",\"s3:DescribeJob\",\"s3:GetAnalyticsConfiguration\",\"s3:GetObjectVersionForReplication\",\"s3:GetAccessPointForObjectLambda\",\"s3:GetStorageLensDashboard\",\"s3:GetLifecycleConfiguration\",\"s3:GetAccessPoint\",\"s3:GetInventoryConfiguration\",\"s3:GetBucketTagging\",\"s3:GetAccessPointPolicyForObjectLambda\",\"s3:GetBucketLogging\",\"s3:GetAccessGrant\",\"s3:GetAccelerateConfiguration\",\"s3:GetObjectVersionAttributes\",\"s3:GetBucketPolicy\",\"s3:GetEncryptionConfiguration\",\"s3:GetObjectVersionTorrent\",\"s3:GetBucketRequestPayment\",\"s3:GetAccessPointPolicyStatus\",\"s3:GetAccessGrantsInstance\",\"s3:GetObjectTagging\",\"s3:GetMetricsConfiguration\",\"s3:GetBucketOwnershipControls\",\"s3:GetBucketPublicAccessBlock\",\"s3:GetMultiRegionAccessPointPolicyStatus\",\"s3:GetMultiRegionAccessPointPolicy\",\"s3:GetAccessPointPolicyStatusForObjectLambda\",\"s3:GetDataAccess\",\"s3:GetBucketVersioning\",\"s3:GetBucketAcl\",\"s3:GetAccessPointConfigurationForObjectLambda\",\"s3:GetObjectTorrent\",\"s3:GetMultiRegionAccessPointRoutes\",\"s3:GetStorageLensConfiguration\",\"s3:GetAccountPublicAccessBlock\",\"s3:GetBucketCORS\",\"s3:GetBucketLocation\",\"s3:GetAccessPointPolicy\",\"s3:GetObjectVersion\"],\"Effect\":\"Allow\",\"Resource\":\"*\",\"Sid\":\"VisualEditor0\"}],\"Version\":\"2012-10-17\"}",
                            "policy_id": "ANPATFW6MDCYMIKMIN7KZ",
                            "tags.%": "0",
                            "tags_all.%": "0"
                        },
                        "meta": {
                            "schema_version": 0
                        },
                        "tainted": false
                    },
                    "deposed": [],
                    "provider": "provider.aws"
                },
                "aws_iam_policy.tfer--User_Billing": {
                    "type": "aws_iam_policy",
                    "depends_on": [],
                    "primary": {
                        "id": "arn:aws:iam::218435950768:policy/User_Billing",
                        "attributes": {
                            "arn": "arn:aws:iam::218435950768:policy/User_Billing",
                            "attachment_count": "0",
                            "description": "User_Billing",
                            "id": "arn:aws:iam::218435950768:policy/User_Billing",
                            "name": "User_Billing",
                            "name_prefix": "",
                            "path": "/",
                            "policy": "{\"Statement\":[{\"Action\":[\"aws-portal:ViewBilling\",\"aws-portal:ViewUsage\",\"aws-portal:ViewAccount\",\"aws-portal:ModifyAccount\",\"budgets:ViewBudget\",\"budgets:ModifyBudget\",\"ce:Get*\",\"ce:List*\",\"ce:Create*\",\"ce:Update*\",\"ce:Delete*\",\"pricing:GetProducts\"],\"Effect\":\"Allow\",\"Resource\":\"*\"}],\"Version\":\"2012-10-17\"}",
                            "policy_id": "ANPATFW6MDCYP66LOASA4",
                            "tags.%": "0",
                            "tags_all.%": "0"
                        },
                        "meta": {
                            "schema_version": 0
                        },
                        "tainted": false
                    },
                    "deposed": [],
                    "provider": "provider.aws"
                },
                "aws_iam_role.tfer--AWSServiceRoleForAmazonEKS": {
                    "type": "aws_iam_role",
                    "depends_on": [],
                    "primary": {
                        "id": "AWSServiceRoleForAmazonEKS",
                        "attributes": {
                            "arn": "arn:aws:iam::218435950768:role/aws-service-role/eks.amazonaws.com/AWSServiceRoleForAmazonEKS",
                            "assume_role_policy": "{\"Statement\":[{\"Action\":\"sts:AssumeRole\",\"Effect\":\"Allow\",\"Principal\":{\"Service\":\"eks.amazonaws.com\"}}],\"Version\":\"2012-10-17\"}",
                            "create_date": "2025-07-20T15:25:04Z",
                            "description": "Allows EKS to manage clusters on your behalf.",
                            "id": "AWSServiceRoleForAmazonEKS",
                            "managed_policy_arns.#": "1",
                            "managed_policy_arns.0": "arn:aws:iam::aws:policy/aws-service-role/AmazonEKSServiceRolePolicy",
                            "max_session_duration": "3600",
                            "name": "AWSServiceRoleForAmazonEKS",
                            "name_prefix": "",
                            "path": "/aws-service-role/eks.amazonaws.com/",
                            "permissions_boundary": "",
                            "tags.%": "0",
                            "tags_all.%": "0",
                            "unique_id": "AROATFW6MDCYPXKTZB36T"
                        },
                        "meta": {
                            "schema_version": 0
                        },
                        "tainted": false
                    },
                    "deposed": [],
                    "provider": "provider.aws"
                },
                "aws_iam_role.tfer--AWSServiceRoleForAmazonMQ": {
                    "type": "aws_iam_role",
                    "depends_on": [],
                    "primary": {
                        "id": "AWSServiceRoleForAmazonMQ",
                        "attributes": {
                            "arn": "arn:aws:iam::218435950768:role/aws-service-role/mq.amazonaws.com/AWSServiceRoleForAmazonMQ",
                            "assume_role_policy": "{\"Statement\":[{\"Action\":\"sts:AssumeRole\",\"Effect\":\"Allow\",\"Principal\":{\"Service\":\"mq.amazonaws.com\"}}],\"Version\":\"2012-10-17\"}",
                            "create_date": "2025-10-27T03:21:41Z",
                            "description": "Allows Amazon MQ to call AWS services on your behalf",
                            "id": "AWSServiceRoleForAmazonMQ",
                            "managed_policy_arns.#": "1",
                            "managed_policy_arns.0": "arn:aws:iam::aws:policy/aws-service-role/AmazonMQServiceRolePolicy",
                            "max_session_duration": "3600",
                            "name": "AWSServiceRoleForAmazonMQ",
                            "name_prefix": "",
                            "path": "/aws-service-role/mq.amazonaws.com/",
                            "permissions_boundary": "",
                            "tags.%": "0",
                            "tags_all.%": "0",
                            "unique_id": "AROATFW6MDCYB5ZIS7R4O"
                        },
                        "meta": {
                            "schema_version": 0
                        },
                        "tainted": false
                    },
                    "deposed": [],
                    "provider": "provider.aws"
                },
                "aws_iam_role.tfer--AWSServiceRoleForApplicationAutoScaling_ECSService": {
                    "type": "aws_iam_role",
                    "depends_on": [],
                    "primary": {
                        "id": "AWSServiceRoleForApplicationAutoScaling_ECSService",
                        "attributes": {
                            "arn": "arn:aws:iam::218435950768:role/aws-service-role/ecs.application-autoscaling.amazonaws.com/AWSServiceRoleForApplicationAutoScaling_ECSService",
                            "assume_role_policy": "{\"Statement\":[{\"Action\":\"sts:AssumeRole\",\"Effect\":\"Allow\",\"Principal\":{\"Service\":\"ecs.application-autoscaling.amazonaws.com\"}}],\"Version\":\"2012-10-17\"}",
                            "create_date": "2025-10-22T18:08:28Z",
                            "description": "",
                            "id": "AWSServiceRoleForApplicationAutoScaling_ECSService",
                            "managed_policy_arns.#": "1",
                            "managed_policy_arns.0": "arn:aws:iam::aws:policy/aws-service-role/AWSApplicationAutoscalingECSServicePolicy",
                            "max_session_duration": "3600",
                            "name": "AWSServiceRoleForApplicationAutoScaling_ECSService",
                            "name_prefix": "",
                            "path": "/aws-service-role/ecs.application-autoscaling.amazonaws.com/",
                            "permissions_boundary": "",
                            "tags.%": "0",
                            "tags_all.%": "0",
                            "unique_id": "AROATFW6MDCYACCLSIECS"
                        },
                        "meta": {
                            "schema_version": 0
                        },
                        "tainted": false
                    },
                    "deposed": [],
                    "provider": "provider.aws"
                },
                "aws_iam_role.tfer--AWSServiceRoleForCostOptimizationHub": {
                    "type": "aws_iam_role",
                    "depends_on": [],
                    "primary": {
                        "id": "AWSServiceRoleForCostOptimizationHub",
                        "attributes": {
                            "arn": "arn:aws:iam::218435950768:role/aws-service-role/cost-optimization-hub.bcm.amazonaws.com/AWSServiceRoleForCostOptimizationHub",
                            "assume_role_policy": "{\"Statement\":[{\"Action\":\"sts:AssumeRole\",\"Effect\":\"Allow\",\"Principal\":{\"Service\":\"cost-optimization-hub.bcm.amazonaws.com\"}}],\"Version\":\"2012-10-17\"}",
                            "create_date": "2025-10-22T03:39:23Z",
                            "description": "Allows Cost Optimization Hub to retrieve organization information and collect optimization-related data and metadata.",
                            "id": "AWSServiceRoleForCostOptimizationHub",
                            "managed_policy_arns.#": "1",
                            "managed_policy_arns.0": "arn:aws:iam::aws:policy/aws-service-role/CostOptimizationHubServiceRolePolicy",
                            "max_session_duration": "3600",
                            "name": "AWSServiceRoleForCostOptimizationHub",
                            "name_prefix": "",
                            "path": "/aws-service-role/cost-optimization-hub.bcm.amazonaws.com/",
                            "permissions_boundary": "",
                            "tags.%": "0",
                            "tags_all.%": "0",
                            "unique_id": "AROATFW6MDCYH5VIQ7OBY"
                        },
                        "meta": {
                            "schema_version": 0
                        },
                        "tainted": false
                    },
                    "deposed": [],
                    "provider": "provider.aws"
                },
                "aws_iam_role.tfer--AWSServiceRoleForECS": {
                    "type": "aws_iam_role",
                    "depends_on": [],
                    "primary": {
                        "id": "AWSServiceRoleForECS",
                        "attributes": {
                            "arn": "arn:aws:iam::218435950768:role/aws-service-role/ecs.amazonaws.com/AWSServiceRoleForECS",
                            "assume_role_policy": "{\"Statement\":[{\"Action\":\"sts:AssumeRole\",\"Effect\":\"Allow\",\"Principal\":{\"Service\":\"ecs.amazonaws.com\"}}],\"Version\":\"2012-10-17\"}",
                            "create_date": "2025-10-18T21:18:34Z",
                            "description": "Policy to enable Amazon ECS to manage your EC2 instances and related resources.",
                            "id": "AWSServiceRoleForECS",
                            "managed_policy_arns.#": "1",
                            "managed_policy_arns.0": "arn:aws:iam::aws:policy/aws-service-role/AmazonECSServiceRolePolicy",
                            "max_session_duration": "3600",
                            "name": "AWSServiceRoleForECS",
                            "name_prefix": "",
                            "path": "/aws-service-role/ecs.amazonaws.com/",
                            "permissions_boundary": "",
                            "tags.%": "0",
                            "tags_all.%": "0",
                            "unique_id": "AROATFW6MDCYNCKXCG63Q"
                        },
                        "meta": {
                            "schema_version": 0
                        },
                        "tainted": false
                    },
                    "deposed": [],
                    "provider": "provider.aws"
                },
                "aws_iam_role.tfer--AWSServiceRoleForECSCompute": {
                    "type": "aws_iam_role",
                    "depends_on": [],
                    "primary": {
                        "id": "AWSServiceRoleForECSCompute",
                        "attributes": {
                            "arn": "arn:aws:iam::218435950768:role/aws-service-role/ecs-compute.amazonaws.com/AWSServiceRoleForECSCompute",
                            "assume_role_policy": "{\"Statement\":[{\"Action\":\"sts:AssumeRole\",\"Effect\":\"Allow\",\"Principal\":{\"Service\":\"ecs-compute.amazonaws.com\"}}],\"Version\":\"2012-10-17\"}",
                            "create_date": "2025-10-18T21:18:39Z",
                            "description": "Policy to enable Amazon ECS Compute to manage your EC2 instances and related resources as part of ECS managed instance.",
                            "id": "AWSServiceRoleForECSCompute",
                            "managed_policy_arns.#": "1",
                            "managed_policy_arns.0": "arn:aws:iam::aws:policy/aws-service-role/AmazonECSComputeServiceRolePolicy",
                            "max_session_duration": "3600",
                            "name": "AWSServiceRoleForECSCompute",
                            "name_prefix": "",
                            "path": "/aws-service-role/ecs-compute.amazonaws.com/",
                            "permissions_boundary": "",
                            "tags.%": "0",
                            "tags_all.%": "0",
                            "unique_id": "AROATFW6MDCYIMWL3WQ4O"
                        },
                        "meta": {
                            "schema_version": 0
                        },
                        "tainted": false
                    },
                    "deposed": [],
                    "provider": "provider.aws"
                },
                "aws_iam_role.tfer--AWSServiceRoleForElasticLoadBalancing": {
                    "type": "aws_iam_role",
                    "depends_on": [],
                    "primary": {
                        "id": "AWSServiceRoleForElasticLoadBalancing",
                        "attributes": {
                            "arn": "arn:aws:iam::218435950768:role/aws-service-role/elasticloadbalancing.amazonaws.com/AWSServiceRoleForElasticLoadBalancing",
                            "assume_role_policy": "{\"Statement\":[{\"Action\":\"sts:AssumeRole\",\"Effect\":\"Allow\",\"Principal\":{\"Service\":\"elasticloadbalancing.amazonaws.com\"}}],\"Version\":\"2012-10-17\"}",
                            "create_date": "2025-07-20T16:33:06Z",
                            "description": "Allows ELB to call AWS services on your behalf.",
                            "id": "AWSServiceRoleForElasticLoadBalancing",
                            "managed_policy_arns.#": "1",
                            "managed_policy_arns.0": "arn:aws:iam::aws:policy/aws-service-role/AWSElasticLoadBalancingServiceRolePolicy",
                            "max_session_duration": "3600",
                            "name": "AWSServiceRoleForElasticLoadBalancing",
                            "name_prefix": "",
                            "path": "/aws-service-role/elasticloadbalancing.amazonaws.com/",
                            "permissions_boundary": "",
                            "tags.%": "0",
                            "tags_all.%": "0",
                            "unique_id": "AROATFW6MDCYAHSVV4Q4K"
                        },
                        "meta": {
                            "schema_version": 0
                        },
                        "tainted": false
                    },
                    "deposed": [],
                    "provider": "provider.aws"
                },
                "aws_iam_role.tfer--AWSServiceRoleForGlobalAccelerator": {
                    "type": "aws_iam_role",
                    "depends_on": [],
                    "primary": {
                        "id": "AWSServiceRoleForGlobalAccelerator",
                        "attributes": {
                            "arn": "arn:aws:iam::218435950768:role/aws-service-role/globalaccelerator.amazonaws.com/AWSServiceRoleForGlobalAccelerator",
                            "assume_role_policy": "{\"Statement\":[{\"Action\":\"sts:AssumeRole\",\"Effect\":\"Allow\",\"Principal\":{\"Service\":\"globalaccelerator.amazonaws.com\"}}],\"Version\":\"2012-10-17\"}",
                            "create_date": "2025-10-18T22:07:02Z",
                            "description": "Allows Global Accelerator to call AWS services on customer's behalf",
                            "id": "AWSServiceRoleForGlobalAccelerator",
                            "managed_policy_arns.#": "1",
                            "managed_policy_arns.0": "arn:aws:iam::aws:policy/aws-service-role/AWSGlobalAcceleratorSLRPolicy",
                            "max_session_duration": "3600",
                            "name": "AWSServiceRoleForGlobalAccelerator",
                            "name_prefix": "",
                            "path": "/aws-service-role/globalaccelerator.amazonaws.com/",
                            "permissions_boundary": "",
                            "tags.%": "0",
                            "tags_all.%": "0",
                            "unique_id": "AROATFW6MDCYJZ352PAFY"
                        },
                        "meta": {
                            "schema_version": 0
                        },
                        "tainted": false
                    },
                    "deposed": [],
                    "provider": "provider.aws"
                },
                "aws_iam_role.tfer--AWSServiceRoleForRDS": {
                    "type": "aws_iam_role",
                    "depends_on": [],
                    "primary": {
                        "id": "AWSServiceRoleForRDS",
                        "attributes": {
                            "arn": "arn:aws:iam::218435950768:role/aws-service-role/rds.amazonaws.com/AWSServiceRoleForRDS",
                            "assume_role_policy": "{\"Statement\":[{\"Action\":\"sts:AssumeRole\",\"Effect\":\"Allow\",\"Principal\":{\"Service\":\"rds.amazonaws.com\"}}],\"Version\":\"2012-10-17\"}",
                            "create_date": "2025-10-27T02:53:05Z",
                            "description": "Allows Amazon RDS to manage AWS resources on your behalf",
                            "id": "AWSServiceRoleForRDS",
                            "managed_policy_arns.#": "1",
                            "managed_policy_arns.0": "arn:aws:iam::aws:policy/aws-service-role/AmazonRDSServiceRolePolicy",
                            "max_session_duration": "3600",
                            "name": "AWSServiceRoleForRDS",
                            "name_prefix": "",
                            "path": "/aws-service-role/rds.amazonaws.com/",
                            "permissions_boundary": "",
                            "tags.%": "0",
                            "tags_all.%": "0",
                            "unique_id": "AROATFW6MDCYIN6USAB2M"
                        },
                        "meta": {
                            "schema_version": 0
                        },
                        "tainted": false
                    },
                    "deposed": [],
                    "provider": "provider.aws"
                },
                "aws_iam_role.tfer--AWSServiceRoleForResourceExplorer": {
                    "type": "aws_iam_role",
                    "depends_on": [],
                    "primary": {
                        "id": "AWSServiceRoleForResourceExplorer",
                        "attributes": {
                            "arn": "arn:aws:iam::218435950768:role/aws-service-role/resource-explorer-2.amazonaws.com/AWSServiceRoleForResourceExplorer",
                            "assume_role_policy": "{\"Statement\":[{\"Action\":\"sts:AssumeRole\",\"Effect\":\"Allow\",\"Principal\":{\"Service\":\"resource-explorer-2.amazonaws.com\"}}],\"Version\":\"2012-10-17\"}",
                            "create_date": "2025-10-18T12:00:37Z",
                            "description": "",
                            "id": "AWSServiceRoleForResourceExplorer",
                            "managed_policy_arns.#": "1",
                            "managed_policy_arns.0": "arn:aws:iam::aws:policy/aws-service-role/AWSResourceExplorerServiceRolePolicy",
                            "max_session_duration": "3600",
                            "name": "AWSServiceRoleForResourceExplorer",
                            "name_prefix": "",
                            "path": "/aws-service-role/resource-explorer-2.amazonaws.com/",
                            "permissions_boundary": "",
                            "tags.%": "0",
                            "tags_all.%": "0",
                            "unique_id": "AROATFW6MDCYA4NRLZK5O"
                        },
                        "meta": {
                            "schema_version": 0
                        },
                        "tainted": false
                    },
                    "deposed": [],
                    "provider": "provider.aws"
                },
                "aws_iam_role.tfer--AWSServiceRoleForSupport": {
                    "type": "aws_iam_role",
                    "depends_on": [],
                    "primary": {
                        "id": "AWSServiceRoleForSupport",
                        "attributes": {
                            "arn": "arn:aws:iam::218435950768:role/aws-service-role/support.amazonaws.com/AWSServiceRoleForSupport",
                            "assume_role_policy": "{\"Statement\":[{\"Action\":\"sts:AssumeRole\",\"Effect\":\"Allow\",\"Principal\":{\"Service\":\"support.amazonaws.com\"}}],\"Version\":\"2012-10-17\"}",
                            "create_date": "2025-07-07T14:11:46Z",
                            "description": "Enables resource access for AWS to provide billing, administrative and support services",
                            "id": "AWSServiceRoleForSupport",
                            "managed_policy_arns.#": "1",
                            "managed_policy_arns.0": "arn:aws:iam::aws:policy/aws-service-role/AWSSupportServiceRolePolicy",
                            "max_session_duration": "3600",
                            "name": "AWSServiceRoleForSupport",
                            "name_prefix": "",
                            "path": "/aws-service-role/support.amazonaws.com/",
                            "permissions_boundary": "",
                            "tags.%": "0",
                            "tags_all.%": "0",
                            "unique_id": "AROATFW6MDCYCH4MX3DVE"
                        },
                        "meta": {
                            "schema_version": 0
                        },
                        "tainted": false
                    },
                    "deposed": [],
                    "provider": "provider.aws"
                },
                "aws_iam_role.tfer--AWSServiceRoleForTrustedAdvisor": {
                    "type": "aws_iam_role",
                    "depends_on": [],
                    "primary": {
                        "id": "AWSServiceRoleForTrustedAdvisor",
                        "attributes": {
                            "arn": "arn:aws:iam::218435950768:role/aws-service-role/trustedadvisor.amazonaws.com/AWSServiceRoleForTrustedAdvisor",
                            "assume_role_policy": "{\"Statement\":[{\"Action\":\"sts:AssumeRole\",\"Effect\":\"Allow\",\"Principal\":{\"Service\":\"trustedadvisor.amazonaws.com\"}}],\"Version\":\"2012-10-17\"}",
                            "create_date": "2025-07-07T14:11:46Z",
                            "description": "Access for the AWS Trusted Advisor Service to help reduce cost, increase performance, and improve security of your AWS environment.",
                            "id": "AWSServiceRoleForTrustedAdvisor",
                            "managed_policy_arns.#": "1",
                            "managed_policy_arns.0": "arn:aws:iam::aws:policy/aws-service-role/AWSTrustedAdvisorServiceRolePolicy",
                            "max_session_duration": "3600",
                            "name": "AWSServiceRoleForTrustedAdvisor",
                            "name_prefix": "",
                            "path": "/aws-service-role/trustedadvisor.amazonaws.com/",
                            "permissions_boundary": "",
                            "tags.%": "0",
                            "tags_all.%": "0",
                            "unique_id": "AROATFW6MDCYNPFSHRWZI"
                        },
                        "meta": {
                            "schema_version": 0
                        },
                        "tainted": false
                    },
                    "deposed": [],
                    "provider": "provider.aws"
                },
                "aws_iam_role.tfer--EKS_cluster_default_role": {
                    "type": "aws_iam_role",
                    "depends_on": [],
                    "primary": {
                        "id": "EKS_cluster_default_role",
                        "attributes": {
                            "arn": "arn:aws:iam::218435950768:role/EKS_cluster_default_role",
                            "assume_role_policy": "{\"Statement\":[{\"Action\":[\"sts:AssumeRole\",\"sts:TagSession\"],\"Effect\":\"Allow\",\"Principal\":{\"Service\":\"eks.amazonaws.com\"}}],\"Version\":\"2012-10-17\"}",
                            "create_date": "2025-07-20T15:27:20Z",
                            "description": "Allows access to other AWS service resources that are required to operate Auto Mode clusters managed by EKS.",
                            "id": "EKS_cluster_default_role",
                            "managed_policy_arns.#": "5",
                            "managed_policy_arns.0": "arn:aws:iam::aws:policy/AmazonEKSBlockStoragePolicy",
                            "managed_policy_arns.1": "arn:aws:iam::aws:policy/AmazonEKSClusterPolicy",
                            "managed_policy_arns.2": "arn:aws:iam::aws:policy/AmazonEKSComputePolicy",
                            "managed_policy_arns.3": "arn:aws:iam::aws:policy/AmazonEKSLoadBalancingPolicy",
                            "managed_policy_arns.4": "arn:aws:iam::aws:policy/AmazonEKSNetworkingPolicy",
                            "max_session_duration": "3600",
                            "name": "EKS_cluster_default_role",
                            "name_prefix": "",
                            "path": "/",
                            "permissions_boundary": "",
                            "tags.%": "0",
                            "tags_all.%": "0",
                            "unique_id": "AROATFW6MDCYC6C3YNBYW"
                        },
                        "meta": {
                            "schema_version": 0
                        },
                        "tainted": false
                    },
                    "deposed": [],
                    "provider": "provider.aws"
                },
                "aws_iam_role.tfer--EKS_node_default_role": {
                    "type": "aws_iam_role",
                    "depends_on": [],
                    "primary": {
                        "id": "EKS_node_default_role",
                        "attributes": {
                            "arn": "arn:aws:iam::218435950768:role/EKS_node_default_role",
                            "assume_role_policy": "{\"Statement\":[{\"Action\":\"sts:AssumeRole\",\"Effect\":\"Allow\",\"Principal\":{\"Service\":\"ec2.amazonaws.com\"}}],\"Version\":\"2012-10-17\"}",
                            "create_date": "2025-07-20T15:26:45Z",
                            "description": "Allows EKS nodes to connect to EKS Auto Mode clusters and to pull container images from ECR.",
                            "id": "EKS_node_default_role",
                            "managed_policy_arns.#": "2",
                            "managed_policy_arns.0": "arn:aws:iam::aws:policy/AmazonEC2ContainerRegistryPullOnly",
                            "managed_policy_arns.1": "arn:aws:iam::aws:policy/AmazonEKSWorkerNodeMinimalPolicy",
                            "max_session_duration": "3600",
                            "name": "EKS_node_default_role",
                            "name_prefix": "",
                            "path": "/",
                            "permissions_boundary": "",
                            "tags.%": "0",
                            "tags_all.%": "0",
                            "unique_id": "AROATFW6MDCYC5XOPYXFG"
                        },
                        "meta": {
                            "schema_version": 0
                        },
                        "tainted": false
                    },
                    "deposed": [],
                    "provider": "provider.aws"
                },
                "aws_iam_role.tfer--GitHubActionsECSRole": {
                    "type": "aws_iam_role",
                    "depends_on": [],
                    "primary": {
                        "id": "GitHubActionsECSRole",
                        "attributes": {
                            "arn": "arn:aws:iam::218435950768:role/GitHubActionsECSRole",
                            "assume_role_policy": "{\"Statement\":[{\"Action\":\"sts:AssumeRoleWithWebIdentity\",\"Condition\":{\"StringLike\":{\"token.actions.githubusercontent.com:aud\":\"sts.amazonaws.com\",\"token.actions.githubusercontent.com:sub\":[\"repo:TranQuocToan1996/*:ref:refs/heads/main\",\"repo:TranQuocToan1996/*:ref:refs/heads/master\",\"repo:TranQuocToan1996/*:ref:refs/heads/dev\",\"repo:TranQuocToan1996/*:ref:refs/heads/staging\"]}},\"Effect\":\"Allow\",\"Principal\":{\"Federated\":\"arn:aws:iam::218435950768:oidc-provider/token.actions.githubusercontent.com\"}}],\"Version\":\"2012-10-17\"}",
                            "create_date": "2025-10-18T20:21:11Z",
                            "description": "GitHubActionsECSRole",
                            "id": "GitHubActionsECSRole",
                            "managed_policy_arns.#": "6",
                            "managed_policy_arns.0": "arn:aws:iam::aws:policy/AmazonEC2ContainerRegistryPowerUser",
                            "managed_policy_arns.1": "arn:aws:iam::aws:policy/AmazonEC2ContainerRegistryPullOnly",
                            "managed_policy_arns.2": "arn:aws:iam::aws:policy/AmazonEC2ContainerRegistryReadOnly",
                            "managed_policy_arns.3": "arn:aws:iam::aws:policy/AmazonECS_FullAccess",
                            "managed_policy_arns.4": "arn:aws:iam::aws:policy/CloudWatchLogsFullAccess",
                            "managed_policy_arns.5": "arn:aws:iam::aws:policy/service-role/AmazonECSTaskExecutionRolePolicy",
                            "max_session_duration": "3600",
                            "name": "GitHubActionsECSRole",
                            "name_prefix": "",
                            "path": "/",
                            "permissions_boundary": "",
                            "tags.%": "0",
                            "tags_all.%": "0",
                            "unique_id": "AROATFW6MDCYO23FGQ3ZT"
                        },
                        "meta": {
                            "schema_version": 0
                        },
                        "tainted": false
                    },
                    "deposed": [],
                    "provider": "provider.aws"
                },
                "aws_iam_role.tfer--ecs-task-execution-role": {
                    "type": "aws_iam_role",
                    "depends_on": [],
                    "primary": {
                        "id": "ecs-task-execution-role",
                        "attributes": {
                            "arn": "arn:aws:iam::218435950768:role/ecs-task-execution-role",
                            "assume_role_policy": "{\"Statement\":[{\"Action\":\"sts:AssumeRole\",\"Effect\":\"Allow\",\"Principal\":{\"Service\":\"ecs-tasks.amazonaws.com\"},\"Sid\":\"AllowAccessToECSForTaskExecutionRole\"}],\"Version\":\"2012-10-17\"}",
                            "create_date": "2025-10-18T18:06:12Z",
                            "description": "Allows access to other AWS service resources that are required to run Amazon ECS tasks.",
                            "id": "ecs-task-execution-role",
                            "inline_policy.#": "2",
                            "inline_policy.0.name": "ecs-full-ecr-access",
                            "inline_policy.0.policy": "{\"Version\":\"2012-10-17\",\"Statement\":[{\"Action\":[\"ecr:GetAuthorizationToken\",\"ecr:BatchGetImage\",\"ecr:GetDownloadUrlForLayer\"],\"Effect\":\"Allow\",\"Resource\":\"*\"},{\"Action\":[\"logs:CreateLogStream\",\"logs:PutLogEvents\"],\"Effect\":\"Allow\",\"Resource\":\"*\"},{\"Action\":[\"secretsmanager:GetSecretValue\"],\"Effect\":\"Allow\",\"Resource\":[\"arn:aws:secretsmanager:us-east-1:218435950768:secret:dev/simple-order-service/api-FCJNv4*\"]},{\"Action\":[\"kms:Decrypt\"],\"Condition\":{\"StringEquals\":{\"kms:ViaService\":[\"secretsmanager.us-east-1.amazonaws.com\",\"ecr.us-east-1.amazonaws.com\"]}},\"Effect\":\"Allow\",\"Resource\":\"*\"}]}",
                            "inline_policy.1.name": "ecs-get-secret-simple-order",
                            "inline_policy.1.policy": "{\"Version\":\"2012-10-17\",\"Statement\":[{\"Action\":[\"secretsmanager:GetSecretValue\"],\"Effect\":\"Allow\",\"Resource\":[\"arn:aws:secretsmanager:us-east-1:218435950768:secret:dev/factorial-service-PuUw9d*\"],\"Sid\":\"Statement1\"}]}",
                            "managed_policy_arns.#": "1",
                            "managed_policy_arns.0": "arn:aws:iam::aws:policy/service-role/AmazonECSTaskExecutionRolePolicy",
                            "max_session_duration": "3600",
                            "name": "ecs-task-execution-role",
                            "name_prefix": "",
                            "path": "/",
                            "permissions_boundary": "",
                            "tags.%": "0",
                            "tags_all.%": "0",
                            "unique_id": "AROATFW6MDCYC7KAVYKVH"
                        },
                        "meta": {
                            "schema_version": 0
                        },
                        "tainted": false
                    },
                    "deposed": [],
                    "provider": "provider.aws"
                },
                "aws_iam_role.tfer--ecs-task-role": {
                    "type": "aws_iam_role",
                    "depends_on": [],
                    "primary": {
                        "id": "ecs-task-role",
                        "attributes": {
                            "arn": "arn:aws:iam::218435950768:role/ecs-task-role",
                            "assume_role_policy": "{\"Statement\":[{\"Action\":\"sts:AssumeRole\",\"Effect\":\"Allow\",\"Principal\":{\"Service\":\"ecs-tasks.amazonaws.com\"},\"Sid\":\"\"}],\"Version\":\"2012-10-17\"}",
                            "create_date": "2025-10-18T18:04:46Z",
                            "description": "ecs-task-role",
                            "id": "ecs-task-role",
                            "managed_policy_arns.#": "1",
                            "managed_policy_arns.0": "arn:aws:iam::aws:policy/service-role/AmazonECSTaskExecutionRolePolicy",
                            "max_session_duration": "3600",
                            "name": "ecs-task-role",
                            "name_prefix": "",
                            "path": "/",
                            "permissions_boundary": "",
                            "tags.%": "0",
                            "tags_all.%": "0",
                            "unique_id": "AROATFW6MDCYCAYXLFFW4"
                        },
                        "meta": {
                            "schema_version": 0
                        },
                        "tainted": false
                    },
                    "deposed": [],
                    "provider": "provider.aws"
                },
                "aws_iam_role.tfer--ecsInfrastructureRole": {
                    "type": "aws_iam_role",
                    "depends_on": [],
                    "primary": {
                        "id": "ecsInfrastructureRole",
                        "attributes": {
                            "arn": "arn:aws:iam::218435950768:role/ecsInfrastructureRole",
                            "assume_role_policy": "{\"Statement\":[{\"Action\":\"sts:AssumeRole\",\"Effect\":\"Allow\",\"Principal\":{\"Service\":\"ecs.amazonaws.com\"},\"Sid\":\"AllowAccessToECSForInfrastructureManagement\"}],\"Version\":\"2012-10-17\"}",
                            "create_date": "2025-10-18T21:16:50Z",
                            "description": "Allows ECS to create and manage AWS EC2 resources on your behalf.",
                            "id": "ecsInfrastructureRole",
                            "managed_policy_arns.#": "1",
                            "managed_policy_arns.0": "arn:aws:iam::aws:policy/AmazonECSInfrastructureRolePolicyForManagedInstances",
                            "max_session_duration": "3600",
                            "name": "ecsInfrastructureRole",
                            "name_prefix": "",
                            "path": "/",
                            "permissions_boundary": "",
                            "tags.%": "0",
                            "tags_all.%": "0",
                            "unique_id": "AROATFW6MDCYMUBQK7VVD"
                        },
                        "meta": {
                            "schema_version": 0
                        },
                        "tainted": false
                    },
                    "deposed": [],
                    "provider": "provider.aws"
                },
                "aws_iam_role.tfer--ecsInstanceRole": {
                    "type": "aws_iam_role",
                    "depends_on": [],
                    "primary": {
                        "id": "ecsInstanceRole",
                        "attributes": {
                            "arn": "arn:aws:iam::218435950768:role/ecsInstanceRole",
                            "assume_role_policy": "{\"Statement\":[{\"Action\":\"sts:AssumeRole\",\"Effect\":\"Allow\",\"Principal\":{\"Service\":\"ec2.amazonaws.com\"},\"Sid\":\"\"}],\"Version\":\"2012-10-17\"}",
                            "create_date": "2025-10-18T21:16:22Z",
                            "description": "Allows EC2 instances to communicate with ECS on your behalf.",
                            "id": "ecsInstanceRole",
                            "managed_policy_arns.#": "1",
                            "managed_policy_arns.0": "arn:aws:iam::aws:policy/AmazonECSInstanceRolePolicyForManagedInstances",
                            "max_session_duration": "3600",
                            "name": "ecsInstanceRole",
                            "name_prefix": "",
                            "path": "/",
                            "permissions_boundary": "",
                            "tags.%": "0",
                            "tags_all.%": "0",
                            "unique_id": "AROATFW6MDCYCJ2DTPG6W"
                        },
                        "meta": {
                            "schema_version": 0
                        },
                        "tainted": false
                    },
                    "deposed": [],
                    "provider": "provider.aws"
                },
                "aws_iam_role.tfer--rds-monitoring-role": {
                    "type": "aws_iam_role",
                    "depends_on": [],
                    "primary": {
                        "id": "rds-monitoring-role",
                        "attributes": {
                            "arn": "arn:aws:iam::218435950768:role/rds-monitoring-role",
                            "assume_role_policy": "{\"Statement\":[{\"Action\":\"sts:AssumeRole\",\"Effect\":\"Allow\",\"Principal\":{\"Service\":\"monitoring.rds.amazonaws.com\"},\"Sid\":\"\"}],\"Version\":\"2012-10-17\"}",
                            "create_date": "2025-10-27T02:53:03Z",
                            "description": "",
                            "id": "rds-monitoring-role",
                            "managed_policy_arns.#": "1",
                            "managed_policy_arns.0": "arn:aws:iam::aws:policy/service-role/AmazonRDSEnhancedMonitoringRole",
                            "max_session_duration": "3600",
                            "name": "rds-monitoring-role",
                            "name_prefix": "",
                            "path": "/",
                            "permissions_boundary": "",
                            "tags.%": "0",
                            "tags_all.%": "0",
                            "unique_id": "AROATFW6MDCYDWH3GDQZD"
                        },
                        "meta": {
                            "schema_version": 0
                        },
                        "tainted": false
                    },
                    "deposed": [],
                    "provider": "provider.aws"
                },
                "aws_iam_role_policy.tfer--ecs-task-execution-role_ecs-full-ecr-access": {
                    "type": "aws_iam_role_policy",
                    "depends_on": [],
                    "primary": {
                        "id": "ecs-task-execution-role:ecs-full-ecr-access",
                        "attributes": {
                            "id": "ecs-task-execution-role:ecs-full-ecr-access",
                            "name": "ecs-full-ecr-access",
                            "name_prefix": "",
                            "policy": "{\"Version\":\"2012-10-17\",\"Statement\":[{\"Action\":[\"ecr:GetAuthorizationToken\",\"ecr:BatchGetImage\",\"ecr:GetDownloadUrlForLayer\"],\"Effect\":\"Allow\",\"Resource\":\"*\"},{\"Action\":[\"logs:CreateLogStream\",\"logs:PutLogEvents\"],\"Effect\":\"Allow\",\"Resource\":\"*\"},{\"Action\":[\"secretsmanager:GetSecretValue\"],\"Effect\":\"Allow\",\"Resource\":[\"arn:aws:secretsmanager:us-east-1:218435950768:secret:dev/simple-order-service/api-FCJNv4*\"]},{\"Action\":[\"kms:Decrypt\"],\"Condition\":{\"StringEquals\":{\"kms:ViaService\":[\"secretsmanager.us-east-1.amazonaws.com\",\"ecr.us-east-1.amazonaws.com\"]}},\"Effect\":\"Allow\",\"Resource\":\"*\"}]}",
                            "role": "ecs-task-execution-role"
                        },
                        "meta": {
                            "schema_version": 0
                        },
                        "tainted": false
                    },
                    "deposed": [],
                    "provider": "provider.aws"
                },
                "aws_iam_role_policy.tfer--ecs-task-execution-role_ecs-get-secret-simple-order": {
                    "type": "aws_iam_role_policy",
                    "depends_on": [],
                    "primary": {
                        "id": "ecs-task-execution-role:ecs-get-secret-simple-order",
                        "attributes": {
                            "id": "ecs-task-execution-role:ecs-get-secret-simple-order",
                            "name": "ecs-get-secret-simple-order",
                            "name_prefix": "",
                            "policy": "{\"Version\":\"2012-10-17\",\"Statement\":[{\"Action\":[\"secretsmanager:GetSecretValue\"],\"Effect\":\"Allow\",\"Resource\":[\"arn:aws:secretsmanager:us-east-1:218435950768:secret:dev/factorial-service-PuUw9d*\"],\"Sid\":\"Statement1\"}]}",
                            "role": "ecs-task-execution-role"
                        },
                        "meta": {
                            "schema_version": 0
                        },
                        "tainted": false
                    },
                    "deposed": [],
                    "provider": "provider.aws"
                },
                "aws_iam_role_policy_attachment.tfer--AWSServiceRoleForAmazonEKS_AmazonEKSServiceRolePolicy": {
                    "type": "aws_iam_role_policy_attachment",
                    "depends_on": [],
                    "primary": {
                        "id": "AWSServiceRoleForAmazonEKS/arn:aws:iam::aws:policy/aws-service-role/AmazonEKSServiceRolePolicy",
                        "attributes": {
                            "id": "AWSServiceRoleForAmazonEKS/arn:aws:iam::aws:policy/aws-service-role/AmazonEKSServiceRolePolicy",
                            "policy_arn": "arn:aws:iam::aws:policy/aws-service-role/AmazonEKSServiceRolePolicy",
                            "role": "AWSServiceRoleForAmazonEKS"
                        },
                        "meta": {
                            "schema_version": 0
                        },
                        "tainted": false
                    },
                    "deposed": [],
                    "provider": "provider.aws"
                },
                "aws_iam_role_policy_attachment.tfer--AWSServiceRoleForAmazonMQ_AmazonMQServiceRolePolicy": {
                    "type": "aws_iam_role_policy_attachment",
                    "depends_on": [],
                    "primary": {
                        "id": "AWSServiceRoleForAmazonMQ/arn:aws:iam::aws:policy/aws-service-role/AmazonMQServiceRolePolicy",
                        "attributes": {
                            "id": "AWSServiceRoleForAmazonMQ/arn:aws:iam::aws:policy/aws-service-role/AmazonMQServiceRolePolicy",
                            "policy_arn": "arn:aws:iam::aws:policy/aws-service-role/AmazonMQServiceRolePolicy",
                            "role": "AWSServiceRoleForAmazonMQ"
                        },
                        "meta": {
                            "schema_version": 0
                        },
                        "tainted": false
                    },
                    "deposed": [],
                    "provider": "provider.aws"
                },
                "aws_iam_role_policy_attachment.tfer--AWSServiceRoleForApplicationAutoScaling_ECSService_AWSApplicationAutoscalingECSServicePolicy": {
                    "type": "aws_iam_role_policy_attachment",
                    "depends_on": [],
                    "primary": {
                        "id": "AWSServiceRoleForApplicationAutoScaling_ECSService/arn:aws:iam::aws:policy/aws-service-role/AWSApplicationAutoscalingECSServicePolicy",
                        "attributes": {
                            "id": "AWSServiceRoleForApplicationAutoScaling_ECSService/arn:aws:iam::aws:policy/aws-service-role/AWSApplicationAutoscalingECSServicePolicy",
                            "policy_arn": "arn:aws:iam::aws:policy/aws-service-role/AWSApplicationAutoscalingECSServicePolicy",
                            "role": "AWSServiceRoleForApplicationAutoScaling_ECSService"
                        },
                        "meta": {
                            "schema_version": 0
                        },
                        "tainted": false
                    },
                    "deposed": [],
                    "provider": "provider.aws"
                },
                "aws_iam_role_policy_attachment.tfer--AWSServiceRoleForCostOptimizationHub_CostOptimizationHubServiceRolePolicy": {
                    "type": "aws_iam_role_policy_attachment",
                    "depends_on": [],
                    "primary": {
                        "id": "AWSServiceRoleForCostOptimizationHub/arn:aws:iam::aws:policy/aws-service-role/CostOptimizationHubServiceRolePolicy",
                        "attributes": {
                            "id": "AWSServiceRoleForCostOptimizationHub/arn:aws:iam::aws:policy/aws-service-role/CostOptimizationHubServiceRolePolicy",
                            "policy_arn": "arn:aws:iam::aws:policy/aws-service-role/CostOptimizationHubServiceRolePolicy",
                            "role": "AWSServiceRoleForCostOptimizationHub"
                        },
                        "meta": {
                            "schema_version": 0
                        },
                        "tainted": false
                    },
                    "deposed": [],
                    "provider": "provider.aws"
                },
                "aws_iam_role_policy_attachment.tfer--AWSServiceRoleForECSCompute_AmazonECSComputeServiceRolePolicy": {
                    "type": "aws_iam_role_policy_attachment",
                    "depends_on": [],
                    "primary": {
                        "id": "AWSServiceRoleForECSCompute/arn:aws:iam::aws:policy/aws-service-role/AmazonECSComputeServiceRolePolicy",
                        "attributes": {
                            "id": "AWSServiceRoleForECSCompute/arn:aws:iam::aws:policy/aws-service-role/AmazonECSComputeServiceRolePolicy",
                            "policy_arn": "arn:aws:iam::aws:policy/aws-service-role/AmazonECSComputeServiceRolePolicy",
                            "role": "AWSServiceRoleForECSCompute"
                        },
                        "meta": {
                            "schema_version": 0
                        },
                        "tainted": false
                    },
                    "deposed": [],
                    "provider": "provider.aws"
                },
                "aws_iam_role_policy_attachment.tfer--AWSServiceRoleForECS_AmazonECSServiceRolePolicy": {
                    "type": "aws_iam_role_policy_attachment",
                    "depends_on": [],
                    "primary": {
                        "id": "AWSServiceRoleForECS/arn:aws:iam::aws:policy/aws-service-role/AmazonECSServiceRolePolicy",
                        "attributes": {
                            "id": "AWSServiceRoleForECS/arn:aws:iam::aws:policy/aws-service-role/AmazonECSServiceRolePolicy",
                            "policy_arn": "arn:aws:iam::aws:policy/aws-service-role/AmazonECSServiceRolePolicy",
                            "role": "AWSServiceRoleForECS"
                        },
                        "meta": {
                            "schema_version": 0
                        },
                        "tainted": false
                    },
                    "deposed": [],
                    "provider": "provider.aws"
                },
                "aws_iam_role_policy_attachment.tfer--AWSServiceRoleForElasticLoadBalancing_AWSElasticLoadBalancingServiceRolePolicy": {
                    "type": "aws_iam_role_policy_attachment",
                    "depends_on": [],
                    "primary": {
                        "id": "AWSServiceRoleForElasticLoadBalancing/arn:aws:iam::aws:policy/aws-service-role/AWSElasticLoadBalancingServiceRolePolicy",
                        "attributes": {
                            "id": "AWSServiceRoleForElasticLoadBalancing/arn:aws:iam::aws:policy/aws-service-role/AWSElasticLoadBalancingServiceRolePolicy",
                            "policy_arn": "arn:aws:iam::aws:policy/aws-service-role/AWSElasticLoadBalancingServiceRolePolicy",
                            "role": "AWSServiceRoleForElasticLoadBalancing"
                        },
                        "meta": {
                            "schema_version": 0
                        },
                        "tainted": false
                    },
                    "deposed": [],
                    "provider": "provider.aws"
                },
                "aws_iam_role_policy_attachment.tfer--AWSServiceRoleForGlobalAccelerator_AWSGlobalAcceleratorSLRPolicy": {
                    "type": "aws_iam_role_policy_attachment",
                    "depends_on": [],
                    "primary": {
                        "id": "AWSServiceRoleForGlobalAccelerator/arn:aws:iam::aws:policy/aws-service-role/AWSGlobalAcceleratorSLRPolicy",
                        "attributes": {
                            "id": "AWSServiceRoleForGlobalAccelerator/arn:aws:iam::aws:policy/aws-service-role/AWSGlobalAcceleratorSLRPolicy",
                            "policy_arn": "arn:aws:iam::aws:policy/aws-service-role/AWSGlobalAcceleratorSLRPolicy",
                            "role": "AWSServiceRoleForGlobalAccelerator"
                        },
                        "meta": {
                            "schema_version": 0
                        },
                        "tainted": false
                    },
                    "deposed": [],
                    "provider": "provider.aws"
                },
                "aws_iam_role_policy_attachment.tfer--AWSServiceRoleForRDS_AmazonRDSServiceRolePolicy": {
                    "type": "aws_iam_role_policy_attachment",
                    "depends_on": [],
                    "primary": {
                        "id": "AWSServiceRoleForRDS/arn:aws:iam::aws:policy/aws-service-role/AmazonRDSServiceRolePolicy",
                        "attributes": {
                            "id": "AWSServiceRoleForRDS/arn:aws:iam::aws:policy/aws-service-role/AmazonRDSServiceRolePolicy",
                            "policy_arn": "arn:aws:iam::aws:policy/aws-service-role/AmazonRDSServiceRolePolicy",
                            "role": "AWSServiceRoleForRDS"
                        },
                        "meta": {
                            "schema_version": 0
                        },
                        "tainted": false
                    },
                    "deposed": [],
                    "provider": "provider.aws"
                },
                "aws_iam_role_policy_attachment.tfer--AWSServiceRoleForResourceExplorer_AWSResourceExplorerServiceRolePolicy": {
                    "type": "aws_iam_role_policy_attachment",
                    "depends_on": [],
                    "primary": {
                        "id": "AWSServiceRoleForResourceExplorer/arn:aws:iam::aws:policy/aws-service-role/AWSResourceExplorerServiceRolePolicy",
                        "attributes": {
                            "id": "AWSServiceRoleForResourceExplorer/arn:aws:iam::aws:policy/aws-service-role/AWSResourceExplorerServiceRolePolicy",
                            "policy_arn": "arn:aws:iam::aws:policy/aws-service-role/AWSResourceExplorerServiceRolePolicy",
                            "role": "AWSServiceRoleForResourceExplorer"
                        },
                        "meta": {
                            "schema_version": 0
                        },
                        "tainted": false
                    },
                    "deposed": [],
                    "provider": "provider.aws"
                },
                "aws_iam_role_policy_attachment.tfer--AWSServiceRoleForSupport_AWSSupportServiceRolePolicy": {
                    "type": "aws_iam_role_policy_attachment",
                    "depends_on": [],
                    "primary": {
                        "id": "AWSServiceRoleForSupport/arn:aws:iam::aws:policy/aws-service-role/AWSSupportServiceRolePolicy",
                        "attributes": {
                            "id": "AWSServiceRoleForSupport/arn:aws:iam::aws:policy/aws-service-role/AWSSupportServiceRolePolicy",
                            "policy_arn": "arn:aws:iam::aws:policy/aws-service-role/AWSSupportServiceRolePolicy",
                            "role": "AWSServiceRoleForSupport"
                        },
                        "meta": {
                            "schema_version": 0
                        },
                        "tainted": false
                    },
                    "deposed": [],
                    "provider": "provider.aws"
                },
                "aws_iam_role_policy_attachment.tfer--AWSServiceRoleForTrustedAdvisor_AWSTrustedAdvisorServiceRolePolicy": {
                    "type": "aws_iam_role_policy_attachment",
                    "depends_on": [],
                    "primary": {
                        "id": "AWSServiceRoleForTrustedAdvisor/arn:aws:iam::aws:policy/aws-service-role/AWSTrustedAdvisorServiceRolePolicy",
                        "attributes": {
                            "id": "AWSServiceRoleForTrustedAdvisor/arn:aws:iam::aws:policy/aws-service-role/AWSTrustedAdvisorServiceRolePolicy",
                            "policy_arn": "arn:aws:iam::aws:policy/aws-service-role/AWSTrustedAdvisorServiceRolePolicy",
                            "role": "AWSServiceRoleForTrustedAdvisor"
                        },
                        "meta": {
                            "schema_version": 0
                        },
                        "tainted": false
                    },
                    "deposed": [],
                    "provider": "provider.aws"
                },
                "aws_iam_role_policy_attachment.tfer--EKS_cluster_default_role_AmazonEKSBlockStoragePolicy": {
                    "type": "aws_iam_role_policy_attachment",
                    "depends_on": [],
                    "primary": {
                        "id": "EKS_cluster_default_role/arn:aws:iam::aws:policy/AmazonEKSBlockStoragePolicy",
                        "attributes": {
                            "id": "EKS_cluster_default_role/arn:aws:iam::aws:policy/AmazonEKSBlockStoragePolicy",
                            "policy_arn": "arn:aws:iam::aws:policy/AmazonEKSBlockStoragePolicy",
                            "role": "EKS_cluster_default_role"
                        },
                        "meta": {
                            "schema_version": 0
                        },
                        "tainted": false
                    },
                    "deposed": [],
                    "provider": "provider.aws"
                },
                "aws_iam_role_policy_attachment.tfer--EKS_cluster_default_role_AmazonEKSClusterPolicy": {
                    "type": "aws_iam_role_policy_attachment",
                    "depends_on": [],
                    "primary": {
                        "id": "EKS_cluster_default_role/arn:aws:iam::aws:policy/AmazonEKSClusterPolicy",
                        "attributes": {
                            "id": "EKS_cluster_default_role/arn:aws:iam::aws:policy/AmazonEKSClusterPolicy",
                            "policy_arn": "arn:aws:iam::aws:policy/AmazonEKSClusterPolicy",
                            "role": "EKS_cluster_default_role"
                        },
                        "meta": {
                            "schema_version": 0
                        },
                        "tainted": false
                    },
                    "deposed": [],
                    "provider": "provider.aws"
                },
                "aws_iam_role_policy_attachment.tfer--EKS_cluster_default_role_AmazonEKSComputePolicy": {
                    "type": "aws_iam_role_policy_attachment",
                    "depends_on": [],
                    "primary": {
                        "id": "EKS_cluster_default_role/arn:aws:iam::aws:policy/AmazonEKSComputePolicy",
                        "attributes": {
                            "id": "EKS_cluster_default_role/arn:aws:iam::aws:policy/AmazonEKSComputePolicy",
                            "policy_arn": "arn:aws:iam::aws:policy/AmazonEKSComputePolicy",
                            "role": "EKS_cluster_default_role"
                        },
                        "meta": {
                            "schema_version": 0
                        },
                        "tainted": false
                    },
                    "deposed": [],
                    "provider": "provider.aws"
                },
                "aws_iam_role_policy_attachment.tfer--EKS_cluster_default_role_AmazonEKSLoadBalancingPolicy": {
                    "type": "aws_iam_role_policy_attachment",
                    "depends_on": [],
                    "primary": {
                        "id": "EKS_cluster_default_role/arn:aws:iam::aws:policy/AmazonEKSLoadBalancingPolicy",
                        "attributes": {
                            "id": "EKS_cluster_default_role/arn:aws:iam::aws:policy/AmazonEKSLoadBalancingPolicy",
                            "policy_arn": "arn:aws:iam::aws:policy/AmazonEKSLoadBalancingPolicy",
                            "role": "EKS_cluster_default_role"
                        },
                        "meta": {
                            "schema_version": 0
                        },
                        "tainted": false
                    },
                    "deposed": [],
                    "provider": "provider.aws"
                },
                "aws_iam_role_policy_attachment.tfer--EKS_cluster_default_role_AmazonEKSNetworkingPolicy": {
                    "type": "aws_iam_role_policy_attachment",
                    "depends_on": [],
                    "primary": {
                        "id": "EKS_cluster_default_role/arn:aws:iam::aws:policy/AmazonEKSNetworkingPolicy",
                        "attributes": {
                            "id": "EKS_cluster_default_role/arn:aws:iam::aws:policy/AmazonEKSNetworkingPolicy",
                            "policy_arn": "arn:aws:iam::aws:policy/AmazonEKSNetworkingPolicy",
                            "role": "EKS_cluster_default_role"
                        },
                        "meta": {
                            "schema_version": 0
                        },
                        "tainted": false
                    },
                    "deposed": [],
                    "provider": "provider.aws"
                },
                "aws_iam_role_policy_attachment.tfer--EKS_node_default_role_AmazonEC2ContainerRegistryPullOnly": {
                    "type": "aws_iam_role_policy_attachment",
                    "depends_on": [],
                    "primary": {
                        "id": "EKS_node_default_role/arn:aws:iam::aws:policy/AmazonEC2ContainerRegistryPullOnly",
                        "attributes": {
                            "id": "EKS_node_default_role/arn:aws:iam::aws:policy/AmazonEC2ContainerRegistryPullOnly",
                            "policy_arn": "arn:aws:iam::aws:policy/AmazonEC2ContainerRegistryPullOnly",
                            "role": "EKS_node_default_role"
                        },
                        "meta": {
                            "schema_version": 0
                        },
                        "tainted": false
                    },
                    "deposed": [],
                    "provider": "provider.aws"
                },
                "aws_iam_role_policy_attachment.tfer--EKS_node_default_role_AmazonEKSWorkerNodeMinimalPolicy": {
                    "type": "aws_iam_role_policy_attachment",
                    "depends_on": [],
                    "primary": {
                        "id": "EKS_node_default_role/arn:aws:iam::aws:policy/AmazonEKSWorkerNodeMinimalPolicy",
                        "attributes": {
                            "id": "EKS_node_default_role/arn:aws:iam::aws:policy/AmazonEKSWorkerNodeMinimalPolicy",
                            "policy_arn": "arn:aws:iam::aws:policy/AmazonEKSWorkerNodeMinimalPolicy",
                            "role": "EKS_node_default_role"
                        },
                        "meta": {
                            "schema_version": 0
                        },
                        "tainted": false
                    },
                    "deposed": [],
                    "provider": "provider.aws"
                },
                "aws_iam_role_policy_attachment.tfer--GitHubActionsECSRole_AmazonEC2ContainerRegistryPowerUser": {
                    "type": "aws_iam_role_policy_attachment",
                    "depends_on": [],
                    "primary": {
                        "id": "GitHubActionsECSRole/arn:aws:iam::aws:policy/AmazonEC2ContainerRegistryPowerUser",
                        "attributes": {
                            "id": "GitHubActionsECSRole/arn:aws:iam::aws:policy/AmazonEC2ContainerRegistryPowerUser",
                            "policy_arn": "arn:aws:iam::aws:policy/AmazonEC2ContainerRegistryPowerUser",
                            "role": "GitHubActionsECSRole"
                        },
                        "meta": {
                            "schema_version": 0
                        },
                        "tainted": false
                    },
                    "deposed": [],
                    "provider": "provider.aws"
                },
                "aws_iam_role_policy_attachment.tfer--GitHubActionsECSRole_AmazonEC2ContainerRegistryPullOnly": {
                    "type": "aws_iam_role_policy_attachment",
                    "depends_on": [],
                    "primary": {
                        "id": "GitHubActionsECSRole/arn:aws:iam::aws:policy/AmazonEC2ContainerRegistryPullOnly",
                        "attributes": {
                            "id": "GitHubActionsECSRole/arn:aws:iam::aws:policy/AmazonEC2ContainerRegistryPullOnly",
                            "policy_arn": "arn:aws:iam::aws:policy/AmazonEC2ContainerRegistryPullOnly",
                            "role": "GitHubActionsECSRole"
                        },
                        "meta": {
                            "schema_version": 0
                        },
                        "tainted": false
                    },
                    "deposed": [],
                    "provider": "provider.aws"
                },
                "aws_iam_role_policy_attachment.tfer--GitHubActionsECSRole_AmazonEC2ContainerRegistryReadOnly": {
                    "type": "aws_iam_role_policy_attachment",
                    "depends_on": [],
                    "primary": {
                        "id": "GitHubActionsECSRole/arn:aws:iam::aws:policy/AmazonEC2ContainerRegistryReadOnly",
                        "attributes": {
                            "id": "GitHubActionsECSRole/arn:aws:iam::aws:policy/AmazonEC2ContainerRegistryReadOnly",
                            "policy_arn": "arn:aws:iam::aws:policy/AmazonEC2ContainerRegistryReadOnly",
                            "role": "GitHubActionsECSRole"
                        },
                        "meta": {
                            "schema_version": 0
                        },
                        "tainted": false
                    },
                    "deposed": [],
                    "provider": "provider.aws"
                },
                "aws_iam_role_policy_attachment.tfer--GitHubActionsECSRole_AmazonECSTaskExecutionRolePolicy": {
                    "type": "aws_iam_role_policy_attachment",
                    "depends_on": [],
                    "primary": {
                        "id": "GitHubActionsECSRole/arn:aws:iam::aws:policy/service-role/AmazonECSTaskExecutionRolePolicy",
                        "attributes": {
                            "id": "GitHubActionsECSRole/arn:aws:iam::aws:policy/service-role/AmazonECSTaskExecutionRolePolicy",
                            "policy_arn": "arn:aws:iam::aws:policy/service-role/AmazonECSTaskExecutionRolePolicy",
                            "role": "GitHubActionsECSRole"
                        },
                        "meta": {
                            "schema_version": 0
                        },
                        "tainted": false
                    },
                    "deposed": [],
                    "provider": "provider.aws"
                },
                "aws_iam_role_policy_attachment.tfer--GitHubActionsECSRole_AmazonECS_FullAccess": {
                    "type": "aws_iam_role_policy_attachment",
                    "depends_on": [],
                    "primary": {
                        "id": "GitHubActionsECSRole/arn:aws:iam::aws:policy/AmazonECS_FullAccess",
                        "attributes": {
                            "id": "GitHubActionsECSRole/arn:aws:iam::aws:policy/AmazonECS_FullAccess",
                            "policy_arn": "arn:aws:iam::aws:policy/AmazonECS_FullAccess",
                            "role": "GitHubActionsECSRole"
                        },
                        "meta": {
                            "schema_version": 0
                        },
                        "tainted": false
                    },
                    "deposed": [],
                    "provider": "provider.aws"
                },
                "aws_iam_role_policy_attachment.tfer--GitHubActionsECSRole_CloudWatchLogsFullAccess": {
                    "type": "aws_iam_role_policy_attachment",
                    "depends_on": [],
                    "primary": {
                        "id": "GitHubActionsECSRole/arn:aws:iam::aws:policy/CloudWatchLogsFullAccess",
                        "attributes": {
                            "id": "GitHubActionsECSRole/arn:aws:iam::aws:policy/CloudWatchLogsFullAccess",
                            "policy_arn": "arn:aws:iam::aws:policy/CloudWatchLogsFullAccess",
                            "role": "GitHubActionsECSRole"
                        },
                        "meta": {
                            "schema_version": 0
                        },
                        "tainted": false
                    },
                    "deposed": [],
                    "provider": "provider.aws"
                },
                "aws_iam_role_policy_attachment.tfer--ecs-task-execution-role_AmazonECSTaskExecutionRolePolicy": {
                    "type": "aws_iam_role_policy_attachment",
                    "depends_on": [],
                    "primary": {
                        "id": "ecs-task-execution-role/arn:aws:iam::aws:policy/service-role/AmazonECSTaskExecutionRolePolicy",
                        "attributes": {
                            "id": "ecs-task-execution-role/arn:aws:iam::aws:policy/service-role/AmazonECSTaskExecutionRolePolicy",
                            "policy_arn": "arn:aws:iam::aws:policy/service-role/AmazonECSTaskExecutionRolePolicy",
                            "role": "ecs-task-execution-role"
                        },
                        "meta": {
                            "schema_version": 0
                        },
                        "tainted": false
                    },
                    "deposed": [],
                    "provider": "provider.aws"
                },
                "aws_iam_role_policy_attachment.tfer--ecs-task-role_AmazonECSTaskExecutionRolePolicy": {
                    "type": "aws_iam_role_policy_attachment",
                    "depends_on": [],
                    "primary": {
                        "id": "ecs-task-role/arn:aws:iam::aws:policy/service-role/AmazonECSTaskExecutionRolePolicy",
                        "attributes": {
                            "id": "ecs-task-role/arn:aws:iam::aws:policy/service-role/AmazonECSTaskExecutionRolePolicy",
                            "policy_arn": "arn:aws:iam::aws:policy/service-role/AmazonECSTaskExecutionRolePolicy",
                            "role": "ecs-task-role"
                        },
                        "meta": {
                            "schema_version": 0
                        },
                        "tainted": false
                    },
                    "deposed": [],
                    "provider": "provider.aws"
                },
                "aws_iam_role_policy_attachment.tfer--ecsInfrastructureRole_AmazonECSInfrastructureRolePolicyForManagedInstances": {
                    "type": "aws_iam_role_policy_attachment",
                    "depends_on": [],
                    "primary": {
                        "id": "ecsInfrastructureRole/arn:aws:iam::aws:policy/AmazonECSInfrastructureRolePolicyForManagedInstances",
                        "attributes": {
                            "id": "ecsInfrastructureRole/arn:aws:iam::aws:policy/AmazonECSInfrastructureRolePolicyForManagedInstances",
                            "policy_arn": "arn:aws:iam::aws:policy/AmazonECSInfrastructureRolePolicyForManagedInstances",
                            "role": "ecsInfrastructureRole"
                        },
                        "meta": {
                            "schema_version": 0
                        },
                        "tainted": false
                    },
                    "deposed": [],
                    "provider": "provider.aws"
                },
                "aws_iam_role_policy_attachment.tfer--ecsInstanceRole_AmazonECSInstanceRolePolicyForManagedInstances": {
                    "type": "aws_iam_role_policy_attachment",
                    "depends_on": [],
                    "primary": {
                        "id": "ecsInstanceRole/arn:aws:iam::aws:policy/AmazonECSInstanceRolePolicyForManagedInstances",
                        "attributes": {
                            "id": "ecsInstanceRole/arn:aws:iam::aws:policy/AmazonECSInstanceRolePolicyForManagedInstances",
                            "policy_arn": "arn:aws:iam::aws:policy/AmazonECSInstanceRolePolicyForManagedInstances",
                            "role": "ecsInstanceRole"
                        },
                        "meta": {
                            "schema_version": 0
                        },
                        "tainted": false
                    },
                    "deposed": [],
                    "provider": "provider.aws"
                },
                "aws_iam_role_policy_attachment.tfer--rds-monitoring-role_AmazonRDSEnhancedMonitoringRole": {
                    "type": "aws_iam_role_policy_attachment",
                    "depends_on": [],
                    "primary": {
                        "id": "rds-monitoring-role/arn:aws:iam::aws:policy/service-role/AmazonRDSEnhancedMonitoringRole",
                        "attributes": {
                            "id": "rds-monitoring-role/arn:aws:iam::aws:policy/service-role/AmazonRDSEnhancedMonitoringRole",
                            "policy_arn": "arn:aws:iam::aws:policy/service-role/AmazonRDSEnhancedMonitoringRole",
                            "role": "rds-monitoring-role"
                        },
                        "meta": {
                            "schema_version": 0
                        },
                        "tainted": false
                    },
                    "deposed": [],
                    "provider": "provider.aws"
                },
                "aws_iam_user.tfer--AIDATFW6MDCYBGFOSDHKV": {
                    "type": "aws_iam_user",
                    "depends_on": [],
                    "primary": {
                        "id": "anto_user",
                        "attributes": {
                            "arn": "arn:aws:iam::218435950768:user/anto_user",
                            "force_destroy": "false",
                            "id": "anto_user",
                            "name": "anto_user",
                            "path": "/",
                            "permissions_boundary": "",
                            "tags.%": "0",
                            "tags_all.%": "0",
                            "unique_id": "AIDATFW6MDCYBGFOSDHKV"
                        },
                        "meta": {
                            "schema_version": 0
                        },
                        "tainted": false
                    },
                    "deposed": [],
                    "provider": "provider.aws"
                },
                "aws_iam_user.tfer--AIDATFW6MDCYFRTVHFNRC": {
                    "type": "aws_iam_user",
                    "depends_on": [],
                    "primary": {
                        "id": "anto_dev",
                        "attributes": {
                            "arn": "arn:aws:iam::218435950768:user/anto_dev",
                            "force_destroy": "false",
                            "id": "anto_dev",
                            "name": "anto_dev",
                            "path": "/",
                            "permissions_boundary": "",
                            "tags.%": "1",
                            "tags.type": "admin",
                            "tags_all.%": "1",
                            "tags_all.type": "admin",
                            "unique_id": "AIDATFW6MDCYFRTVHFNRC"
                        },
                        "meta": {
                            "schema_version": 0
                        },
                        "tainted": false
                    },
                    "deposed": [],
                    "provider": "provider.aws"
                },
                "aws_iam_user.tfer--AIDATFW6MDCYH4RBIJPQN": {
                    "type": "aws_iam_user",
                    "depends_on": [],
                    "primary": {
                        "id": "github-actions-deploy",
                        "attributes": {
                            "arn": "arn:aws:iam::218435950768:user/github-actions-deploy",
                            "force_destroy": "false",
                            "id": "github-actions-deploy",
                            "name": "github-actions-deploy",
                            "path": "/",
                            "permissions_boundary": "",
                            "tags.%": "0",
                            "tags_all.%": "0",
                            "unique_id": "AIDATFW6MDCYH4RBIJPQN"
                        },
                        "meta": {
                            "schema_version": 0
                        },
                        "tainted": false
                    },
                    "deposed": [],
                    "provider": "provider.aws"
                },
                "aws_iam_user_group_membership.tfer--anto_dev-002F-admin_user": {
                    "type": "aws_iam_user_group_membership",
                    "depends_on": [],
                    "primary": {
                        "id": "anto_dev/admin_user",
                        "attributes": {
                            "groups.#": "1",
                            "groups.0": "admin_user",
                            "id": "anto_dev/admin_user",
                            "user": "anto_dev"
                        },
                        "meta": {
                            "schema_version": 0
                        },
                        "tainted": false
                    },
                    "deposed": [],
                    "provider": "provider.aws"
                },
                "aws_iam_user_group_membership.tfer--anto_user-002F-dev_ops_example": {
                    "type": "aws_iam_user_group_membership",
                    "depends_on": [],
                    "primary": {
                        "id": "anto_user/dev_ops_example",
                        "attributes": {
                            "groups.#": "1",
                            "groups.0": "dev_ops_example",
                            "id": "anto_user/dev_ops_example",
                            "user": "anto_user"
                        },
                        "meta": {
                            "schema_version": 0
                        },
                        "tainted": false
                    },
                    "deposed": [],
                    "provider": "provider.aws"
                },
                "aws_iam_user_group_membership.tfer--github-actions-deploy-002F-github_deploy_bot": {
                    "type": "aws_iam_user_group_membership",
                    "depends_on": [],
                    "primary": {
                        "id": "github-actions-deploy/github_deploy_bot",
                        "attributes": {
                            "groups.#": "1",
                            "groups.0": "github_deploy_bot",
                            "id": "github-actions-deploy/github_deploy_bot",
                            "user": "github-actions-deploy"
                        },
                        "meta": {
                            "schema_version": 0
                        },
                        "tainted": false
                    },
                    "deposed": [],
                    "provider": "provider.aws"
                },
                "aws_iam_user_policy_attachment.tfer--anto_dev_IAMUserChangePassword": {
                    "type": "aws_iam_user_policy_attachment",
                    "depends_on": [],
                    "primary": {
                        "id": "anto_dev/arn:aws:iam::aws:policy/IAMUserChangePassword",
                        "attributes": {
                            "id": "anto_dev/arn:aws:iam::aws:policy/IAMUserChangePassword",
                            "policy_arn": "arn:aws:iam::aws:policy/IAMUserChangePassword",
                            "user": "anto_dev"
                        },
                        "meta": {
                            "schema_version": 0
                        },
                        "tainted": false
                    },
                    "deposed": [],
                    "provider": "provider.aws"
                }
            },
            "depends_on": []
        }
    ]
}
